// !$*UTF8*$!
{
	archiveVersion = 1;
	classes = {
	};
	objectVersion = 46;
	objects = {

/* Begin PBXBuildFile section */
		9444377C19AA260500EB7104 /* AppDelegate.swift in Sources */ = {isa = PBXBuildFile; fileRef = 9444377B19AA260500EB7104 /* AppDelegate.swift */; };
		9444377E19AA260500EB7104 /* ViewController.swift in Sources */ = {isa = PBXBuildFile; fileRef = 9444377D19AA260500EB7104 /* ViewController.swift */; };
		9444378119AA260500EB7104 /* Main.storyboard in Resources */ = {isa = PBXBuildFile; fileRef = 9444377F19AA260500EB7104 /* Main.storyboard */; };
		9444378319AA260600EB7104 /* Images.xcassets in Resources */ = {isa = PBXBuildFile; fileRef = 9444378219AA260600EB7104 /* Images.xcassets */; };
		9444378F19AA260600EB7104 /* MyPrototyperSwiftTests.swift in Sources */ = {isa = PBXBuildFile; fileRef = 9444378E19AA260600EB7104 /* MyPrototyperSwiftTests.swift */; };
/* End PBXBuildFile section */

/* Begin PBXContainerItemProxy section */
		9444378919AA260600EB7104 /* PBXContainerItemProxy */ = {
			isa = PBXContainerItemProxy;
			containerPortal = 9444376E19AA260500EB7104 /* Project object */;
			proxyType = 1;
			remoteGlobalIDString = 9444377519AA260500EB7104;
			remoteInfo = MyPrototyperSwift;
		};
/* End PBXContainerItemProxy section */

/* Begin PBXFileReference section */
		9444377619AA260500EB7104 /* MyPrototyperSwift.app */ = {isa = PBXFileReference; explicitFileType = wrapper.application; includeInIndex = 0; path = MyPrototyperSwift.app; sourceTree = BUILT_PRODUCTS_DIR; };
		9444377A19AA260500EB7104 /* Info.plist */ = {isa = PBXFileReference; lastKnownFileType = text.plist.xml; path = Info.plist; sourceTree = "<group>"; };
		9444377B19AA260500EB7104 /* AppDelegate.swift */ = {isa = PBXFileReference; lastKnownFileType = sourcecode.swift; path = AppDelegate.swift; sourceTree = "<group>"; };
		9444377D19AA260500EB7104 /* ViewController.swift */ = {isa = PBXFileReference; lastKnownFileType = sourcecode.swift; path = ViewController.swift; sourceTree = "<group>"; };
		9444378019AA260500EB7104 /* Base */ = {isa = PBXFileReference; lastKnownFileType = file.storyboard; name = Base; path = Base.lproj/Main.storyboard; sourceTree = "<group>"; };
		9444378219AA260600EB7104 /* Images.xcassets */ = {isa = PBXFileReference; lastKnownFileType = folder.assetcatalog; path = Images.xcassets; sourceTree = "<group>"; };
		9444378819AA260600EB7104 /* MyPrototyperSwiftTests.xctest */ = {isa = PBXFileReference; explicitFileType = wrapper.cfbundle; includeInIndex = 0; path = MyPrototyperSwiftTests.xctest; sourceTree = BUILT_PRODUCTS_DIR; };
		9444378D19AA260600EB7104 /* Info.plist */ = {isa = PBXFileReference; lastKnownFileType = text.plist.xml; path = Info.plist; sourceTree = "<group>"; };
		9444378E19AA260600EB7104 /* MyPrototyperSwiftTests.swift */ = {isa = PBXFileReference; lastKnownFileType = sourcecode.swift; path = MyPrototyperSwiftTests.swift; sourceTree = "<group>"; };
/* End PBXFileReference section */

/* Begin PBXFrameworksBuildPhase section */
		9444377319AA260500EB7104 /* Frameworks */ = {
			isa = PBXFrameworksBuildPhase;
			buildActionMask = 2147483647;
			files = (
			);
			runOnlyForDeploymentPostprocessing = 0;
		};
		9444378519AA260600EB7104 /* Frameworks */ = {
			isa = PBXFrameworksBuildPhase;
			buildActionMask = 2147483647;
			files = (
			);
			runOnlyForDeploymentPostprocessing = 0;
		};
/* End PBXFrameworksBuildPhase section */

/* Begin PBXGroup section */
		9444376D19AA260500EB7104 = {
			isa = PBXGroup;
			children = (
				9444377819AA260500EB7104 /* MyPrototyperSwift */,
				9444378B19AA260600EB7104 /* MyPrototyperSwiftTests */,
				9444377719AA260500EB7104 /* Products */,
			);
			sourceTree = "<group>";
		};
		9444377719AA260500EB7104 /* Products */ = {
			isa = PBXGroup;
			children = (
				9444377619AA260500EB7104 /* MyPrototyperSwift.app */,
				9444378819AA260600EB7104 /* MyPrototyperSwiftTests.xctest */,
			);
			name = Products;
			sourceTree = "<group>";
		};
		9444377819AA260500EB7104 /* MyPrototyperSwift */ = {
			isa = PBXGroup;
			children = (
				9444377B19AA260500EB7104 /* AppDelegate.swift */,
				9444377D19AA260500EB7104 /* ViewController.swift */,
				9444377F19AA260500EB7104 /* Main.storyboard */,
				9444378219AA260600EB7104 /* Images.xcassets */,
				9444377919AA260500EB7104 /* Supporting Files */,
			);
			path = MyPrototyperSwift;
			sourceTree = "<group>";
		};
		9444377919AA260500EB7104 /* Supporting Files */ = {
			isa = PBXGroup;
			children = (
				9444377A19AA260500EB7104 /* Info.plist */,
			);
			name = "Supporting Files";
			sourceTree = "<group>";
		};
		9444378B19AA260600EB7104 /* MyPrototyperSwiftTests */ = {
			isa = PBXGroup;
			children = (
				9444378E19AA260600EB7104 /* MyPrototyperSwiftTests.swift */,
				9444378C19AA260600EB7104 /* Supporting Files */,
			);
			path = MyPrototyperSwiftTests;
			sourceTree = "<group>";
		};
		9444378C19AA260600EB7104 /* Supporting Files */ = {
			isa = PBXGroup;
			children = (
				9444378D19AA260600EB7104 /* Info.plist */,
			);
			name = "Supporting Files";
			sourceTree = "<group>";
		};
/* End PBXGroup section */

/* Begin PBXNativeTarget section */
		9444377519AA260500EB7104 /* MyPrototyperSwift */ = {
			isa = PBXNativeTarget;
			buildConfigurationList = 9444379219AA260600EB7104 /* Build configuration list for PBXNativeTarget "MyPrototyperSwift" */;
			buildPhases = (
				9444377219AA260500EB7104 /* Sources */,
				9444377319AA260500EB7104 /* Frameworks */,
				9444377419AA260500EB7104 /* Resources */,
			);
			buildRules = (
			);
			dependencies = (
			);
			name = MyPrototyperSwift;
			productName = MyPrototyperSwift;
			productReference = 9444377619AA260500EB7104 /* MyPrototyperSwift.app */;
			productType = "com.apple.product-type.application";
		};
		9444378719AA260600EB7104 /* MyPrototyperSwiftTests */ = {
			isa = PBXNativeTarget;
			buildConfigurationList = 9444379519AA260600EB7104 /* Build configuration list for PBXNativeTarget "MyPrototyperSwiftTests" */;
			buildPhases = (
				9444378419AA260600EB7104 /* Sources */,
				9444378519AA260600EB7104 /* Frameworks */,
				9444378619AA260600EB7104 /* Resources */,
			);
			buildRules = (
			);
			dependencies = (
				9444378A19AA260600EB7104 /* PBXTargetDependency */,
			);
			name = MyPrototyperSwiftTests;
			productName = MyPrototyperSwiftTests;
			productReference = 9444378819AA260600EB7104 /* MyPrototyperSwiftTests.xctest */;
			productType = "com.apple.product-type.bundle.unit-test";
		};
/* End PBXNativeTarget section */

/* Begin PBXProject section */
		9444376E19AA260500EB7104 /* Project object */ = {
			isa = PBXProject;
			attributes = {
				LastUpgradeCheck = 0600;
				ORGANIZATIONNAME = info.govo;
				TargetAttributes = {
					9444377519AA260500EB7104 = {
						CreatedOnToolsVersion = 6.0;
					};
					9444378719AA260600EB7104 = {
						CreatedOnToolsVersion = 6.0;
						TestTargetID = 9444377519AA260500EB7104;
					};
				};
			};
			buildConfigurationList = 9444377119AA260500EB7104 /* Build configuration list for PBXProject "MyPrototyperSwift" */;
			compatibilityVersion = "Xcode 3.2";
			developmentRegion = English;
			hasScannedForEncodings = 0;
			knownRegions = (
				en,
				Base,
			);
			mainGroup = 9444376D19AA260500EB7104;
			productRefGroup = 9444377719AA260500EB7104 /* Products */;
			projectDirPath = "";
			projectRoot = "";
			targets = (
				9444377519AA260500EB7104 /* MyPrototyperSwift */,
				9444378719AA260600EB7104 /* MyPrototyperSwiftTests */,
			);
		};
/* End PBXProject section */

/* Begin PBXResourcesBuildPhase section */
		9444377419AA260500EB7104 /* Resources */ = {
			isa = PBXResourcesBuildPhase;
			buildActionMask = 2147483647;
			files = (
				9444378119AA260500EB7104 /* Main.storyboard in Resources */,
				9444378319AA260600EB7104 /* Images.xcassets in Resources */,
			);
			runOnlyForDeploymentPostprocessing = 0;
		};
		9444378619AA260600EB7104 /* Resources */ = {
			isa = PBXResourcesBuildPhase;
			buildActionMask = 2147483647;
			files = (
			);
			runOnlyForDeploymentPostprocessing = 0;
		};
/* End PBXResourcesBuildPhase section */

/* Begin PBXSourcesBuildPhase section */
		9444377219AA260500EB7104 /* Sources */ = {
			isa = PBXSourcesBuildPhase;
			buildActionMask = 2147483647;
			files = (
				9444377E19AA260500EB7104 /* ViewController.swift in Sources */,
				9444377C19AA260500EB7104 /* AppDelegate.swift in Sources */,
			);
			runOnlyForDeploymentPostprocessing = 0;
		};
		9444378419AA260600EB7104 /* Sources */ = {
			isa = PBXSourcesBuildPhase;
			buildActionMask = 2147483647;
			files = (
				9444378F19AA260600EB7104 /* MyPrototyperSwiftTests.swift in Sources */,
			);
			runOnlyForDeploymentPostprocessing = 0;
		};
/* End PBXSourcesBuildPhase section */

/* Begin PBXTargetDependency section */
		9444378A19AA260600EB7104 /* PBXTargetDependency */ = {
			isa = PBXTargetDependency;
			target = 9444377519AA260500EB7104 /* MyPrototyperSwift */;
			targetProxy = 9444378919AA260600EB7104 /* PBXContainerItemProxy */;
		};
/* End PBXTargetDependency section */

/* Begin PBXVariantGroup section */
		9444377F19AA260500EB7104 /* Main.storyboard */ = {
			isa = PBXVariantGroup;
			children = (
				9444378019AA260500EB7104 /* Base */,
			);
			name = Main.storyboard;
			sourceTree = "<group>";
		};
/* End PBXVariantGroup section */

/* Begin XCBuildConfiguration section */
		9444379019AA260600EB7104 /* Debug */ = {
			isa = XCBuildConfiguration;
			buildSettings = {
				ALWAYS_SEARCH_USER_PATHS = NO;
				CLANG_CXX_LANGUAGE_STANDARD = "gnu++0x";
				CLANG_CXX_LIBRARY = "libc++";
				CLANG_ENABLE_MODULES = YES;
				CLANG_ENABLE_OBJC_ARC = YES;
				CLANG_WARN_BOOL_CONVERSION = YES;
				CLANG_WARN_CONSTANT_CONVERSION = YES;
				CLANG_WARN_DIRECT_OBJC_ISA_USAGE = YES_ERROR;
				CLANG_WARN_EMPTY_BODY = YES;
				CLANG_WARN_ENUM_CONVERSION = YES;
				CLANG_WARN_INT_CONVERSION = YES;
				CLANG_WARN_OBJC_ROOT_CLASS = YES_ERROR;
				CLANG_WARN_UNREACHABLE_CODE = YES;
				CLANG_WARN__DUPLICATE_METHOD_MATCH = YES;
				"CODE_SIGN_IDENTITY[sdk=iphoneos*]" = "iPhone Developer";
				COPY_PHASE_STRIP = NO;
				ENABLE_STRICT_OBJC_MSGSEND = YES;
				GCC_C_LANGUAGE_STANDARD = gnu99;
				GCC_DYNAMIC_NO_PIC = NO;
				GCC_OPTIMIZATION_LEVEL = 0;
				GCC_PREPROCESSOR_DEFINITIONS = (
					"DEBUG=1",
					"$(inherited)",
				);
				GCC_SYMBOLS_PRIVATE_EXTERN = NO;
				GCC_WARN_64_TO_32_BIT_CONVERSION = YES;
				GCC_WARN_ABOUT_RETURN_TYPE = YES_ERROR;
				GCC_WARN_UNDECLARED_SELECTOR = YES;
				GCC_WARN_UNINITIALIZED_AUTOS = YES_AGGRESSIVE;
				GCC_WARN_UNUSED_FUNCTION = YES;
				GCC_WARN_UNUSED_VARIABLE = YES;
				IPHONEOS_DEPLOYMENT_TARGET = 8.0;
				MTL_ENABLE_DEBUG_INFO = YES;
				ONLY_ACTIVE_ARCH = YES;
				SDKROOT = iphoneos;
				SWIFT_OPTIMIZATION_LEVEL = "-Onone";
				TARGETED_DEVICE_FAMILY = "1,2";
			};
			name = Debug;
		};
		9444379119AA260600EB7104 /* Release */ = {
			isa = XCBuildConfiguration;
			buildSettings = {
				ALWAYS_SEARCH_USER_PATHS = NO;
				CLANG_CXX_LANGUAGE_STANDARD = "gnu++0x";
				CLANG_CXX_LIBRARY = "libc++";
				CLANG_ENABLE_MODULES = YES;
				CLANG_ENABLE_OBJC_ARC = YES;
				CLANG_WARN_BOOL_CONVERSION = YES;
				CLANG_WARN_CONSTANT_CONVERSION = YES;
				CLANG_WARN_DIRECT_OBJC_ISA_USAGE = YES_ERROR;
				CLANG_WARN_EMPTY_BODY = YES;
				CLANG_WARN_ENUM_CONVERSION = YES;
				CLANG_WARN_INT_CONVERSION = YES;
				CLANG_WARN_OBJC_ROOT_CLASS = YES_ERROR;
				CLANG_WARN_UNREACHABLE_CODE = YES;
				CLANG_WARN__DUPLICATE_METHOD_MATCH = YES;
				"CODE_SIGN_IDENTITY[sdk=iphoneos*]" = "iPhone Developer";
				COPY_PHASE_STRIP = YES;
				ENABLE_NS_ASSERTIONS = NO;
				ENABLE_STRICT_OBJC_MSGSEND = YES;
				GCC_C_LANGUAGE_STANDARD = gnu99;
				GCC_WARN_64_TO_32_BIT_CONVERSION = YES;
				GCC_WARN_ABOUT_RETURN_TYPE = YES_ERROR;
				GCC_WARN_UNDECLARED_SELECTOR = YES;
				GCC_WARN_UNINITIALIZED_AUTOS = YES_AGGRESSIVE;
				GCC_WARN_UNUSED_FUNCTION = YES;
				GCC_WARN_UNUSED_VARIABLE = YES;
				IPHONEOS_DEPLOYMENT_TARGET = 8.0;
				MTL_ENABLE_DEBUG_INFO = NO;
				SDKROOT = iphoneos;
				TARGETED_DEVICE_FAMILY = "1,2";
				VALIDATE_PRODUCT = YES;
			};
			name = Release;
		};
		9444379319AA260600EB7104 /* Debug */ = {
			isa = XCBuildConfiguration;
			buildSettings = {
				ASSETCATALOG_COMPILER_APPICON_NAME = AppIcon;
				ASSETCATALOG_COMPILER_LAUNCHIMAGE_NAME = LaunchImage;
				INFOPLIST_FILE = MyPrototyperSwift/Info.plist;
				LD_RUNPATH_SEARCH_PATHS = "$(inherited) @executable_path/Frameworks";
				PRODUCT_NAME = "$(TARGET_NAME)";
			};
			name = Debug;
		};
		9444379419AA260600EB7104 /* Release */ = {
			isa = XCBuildConfiguration;
			buildSettings = {
				ASSETCATALOG_COMPILER_APPICON_NAME = AppIcon;
				ASSETCATALOG_COMPILER_LAUNCHIMAGE_NAME = LaunchImage;
				INFOPLIST_FILE = MyPrototyperSwift/Info.plist;
				LD_RUNPATH_SEARCH_PATHS = "$(inherited) @executable_path/Frameworks";
				PRODUCT_NAME = "$(TARGET_NAME)";
			};
			name = Release;
		};
		9444379619AA260600EB7104 /* Debug */ = {
			isa = XCBuildConfiguration;
			buildSettings = {
				BUNDLE_LOADER = "$(BUILT_PRODUCTS_DIR)/MyPrototyperSwift.app/MyPrototyperSwift";
				FRAMEWORK_SEARCH_PATHS = (
					"$(SDKROOT)/Developer/Library/Frameworks",
					"$(inherited)",
				);
				GCC_PREPROCESSOR_DEFINITIONS = (
					"DEBUG=1",
					"$(inherited)",
				);
				INFOPLIST_FILE = MyPrototyperSwiftTests/Info.plist;
				LD_RUNPATH_SEARCH_PATHS = "$(inherited) @executable_path/Frameworks @loader_path/Frameworks";
				PRODUCT_NAME = "$(TARGET_NAME)";
				TEST_HOST = "$(BUNDLE_LOADER)";
			};
			name = Debug;
		};
		9444379719AA260600EB7104 /* Release */ = {
			isa = XCBuildConfiguration;
			buildSettings = {
				BUNDLE_LOADER = "$(BUILT_PRODUCTS_DIR)/MyPrototyperSwift.app/MyPrototyperSwift";
				FRAMEWORK_SEARCH_PATHS = (
					"$(SDKROOT)/Developer/Library/Frameworks",
					"$(inherited)",
				);
				INFOPLIST_FILE = MyPrototyperSwiftTests/Info.plist;
				LD_RUNPATH_SEARCH_PATHS = "$(inherited) @executable_path/Frameworks @loader_path/Frameworks";
				PRODUCT_NAME = "$(TARGET_NAME)";
				TEST_HOST = "$(BUNDLE_LOADER)";
			};
			name = Release;
		};
/* End XCBuildConfiguration section */

/* Begin XCConfigurationList section */
		9444377119AA260500EB7104 /* Build configuration list for PBXProject "MyPrototyperSwift" */ = {
			isa = XCConfigurationList;
			buildConfigurations = (
				9444379019AA260600EB7104 /* Debug */,
				9444379119AA260600EB7104 /* Release */,
			);
			defaultConfigurationIsVisible = 0;
			defaultConfigurationName = Release;
		};
		9444379219AA260600EB7104 /* Build configuration list for PBXNativeTarget "MyPrototyperSwift" */ = {
			isa = XCConfigurationList;
			buildConfigurations = (
				9444379319AA260600EB7104 /* Debug */,
				9444379419AA260600EB7104 /* Release */,
			);
			defaultConfigurationIsVisible = 0;
		};
		9444379519AA260600EB7104 /* Build configuration list for PBXNativeTarget "MyPrototyperSwiftTests" */ = {
			isa = XCConfigurationList;
			buildConfigurations = (
				9444379619AA260600EB7104 /* Debug */,
				9444379719AA260600EB7104 /* Release */,
			);
			defaultConfigurationIsVisible = 0;
		};
/* End XCConfigurationList section */
	};
	rootObject = 9444376E19AA260500EB7104 /* Project object */;
}
