// !$*UTF8*$!
{
	archiveVersion = 1;
	classes = {
	};
	objectVersion = 46;
	objects = {

/* Begin PBXBuildFile section */
		64513C4C6791463E93095C6C /* libPods.a in Frameworks */ = {isa = PBXBuildFile; fileRef = 4FFF9BF068654A4CBC99CFEA /* libPods.a */; };
		94149BC918AF526C005182A0 /* Localizable.strings in Resources */ = {isa = PBXBuildFile; fileRef = 94149BCB18AF526C005182A0 /* Localizable.strings */; };
		94149BD118AF8DC2005182A0 /* MPSimpleWebViewController.m in Sources */ = {isa = PBXBuildFile; fileRef = 94149BD018AF8DC2005182A0 /* MPSimpleWebViewController.m */; };
		94149BD318AFA160005182A0 /* MessageUI.framework in Frameworks */ = {isa = PBXBuildFile; fileRef = 94149BD218AFA160005182A0 /* MessageUI.framework */; };
		94149BD818AFCCCE005182A0 /* iRate.bundle in Resources */ = {isa = PBXBuildFile; fileRef = 94149BD518AFCCCE005182A0 /* iRate.bundle */; };
		94149BD918AFCCCE005182A0 /* iRate.m in Sources */ = {isa = PBXBuildFile; fileRef = 94149BD718AFCCCE005182A0 /* iRate.m */; };
		94149BDB18B0E4AD005182A0 /* CoreMotion.framework in Frameworks */ = {isa = PBXBuildFile; fileRef = 94149BDA18B0E4AD005182A0 /* CoreMotion.framework */; };
		9416A342187AF90000F8C9EC /* MPStorage.m in Sources */ = {isa = PBXBuildFile; fileRef = 9416A341187AF90000F8C9EC /* MPStorage.m */; };
		9416A34F187AF93C00F8C9EC /* FMDatabase.m in Sources */ = {isa = PBXBuildFile; fileRef = 9416A345187AF93C00F8C9EC /* FMDatabase.m */; };
		9416A350187AF93C00F8C9EC /* FMDatabaseAdditions.m in Sources */ = {isa = PBXBuildFile; fileRef = 9416A347187AF93C00F8C9EC /* FMDatabaseAdditions.m */; };
		9416A351187AF93C00F8C9EC /* FMDatabasePool.m in Sources */ = {isa = PBXBuildFile; fileRef = 9416A349187AF93C00F8C9EC /* FMDatabasePool.m */; };
		9416A352187AF93C00F8C9EC /* FMDatabaseQueue.m in Sources */ = {isa = PBXBuildFile; fileRef = 9416A34B187AF93C00F8C9EC /* FMDatabaseQueue.m */; };
		9416A354187AF93C00F8C9EC /* FMResultSet.m in Sources */ = {isa = PBXBuildFile; fileRef = 9416A34E187AF93C00F8C9EC /* FMResultSet.m */; };
		9416A356187AF96D00F8C9EC /* libsqlite3.dylib in Frameworks */ = {isa = PBXBuildFile; fileRef = 9416A355187AF96D00F8C9EC /* libsqlite3.dylib */; };
		9416A359187B005900F8C9EC /* MPProject.m in Sources */ = {isa = PBXBuildFile; fileRef = 9416A358187B005900F8C9EC /* MPProject.m */; };
		94357A4D18B722B80001C0EA /* EmptyView.xib in Resources */ = {isa = PBXBuildFile; fileRef = 94357A4F18B722B80001C0EA /* EmptyView.xib */; };
		943A0C1218AC7AD5004AF08E /* Prototyper Example.zip in Resources */ = {isa = PBXBuildFile; fileRef = 943A0C1118AC7AD5004AF08E /* Prototyper Example.zip */; };
		943F6B9718AD0E6800253DF1 /* Default-568h@2x.png in Resources */ = {isa = PBXBuildFile; fileRef = 943F6B9418AD0E6800253DF1 /* Default-568h@2x.png */; };
		943F6B9818AD0E6800253DF1 /* Default.png in Resources */ = {isa = PBXBuildFile; fileRef = 943F6B9518AD0E6800253DF1 /* Default.png */; };
		943F6B9918AD0E6800253DF1 /* Default@2x.png in Resources */ = {isa = PBXBuildFile; fileRef = 943F6B9618AD0E6800253DF1 /* Default@2x.png */; };
		943F6BA018AD1AA800253DF1 /* xiaohuangrenxiasheng_02.mp3 in Resources */ = {isa = PBXBuildFile; fileRef = 943F6B9C18AD1AA800253DF1 /* xiaohuangrenxiasheng_02.mp3 */; };
		943F6BA418AD1D5800253DF1 /* Tock.aiff in Resources */ = {isa = PBXBuildFile; fileRef = 943F6BA318AD1D5800253DF1 /* Tock.aiff */; };
		943F6BA618AD24B400253DF1 /* icon-72.png in Resources */ = {isa = PBXBuildFile; fileRef = 943F6BA518AD24B400253DF1 /* icon-72.png */; };
		9480D51418C6067E00B67B2E /* MPKeyChain.m in Sources */ = {isa = PBXBuildFile; fileRef = 9480D51318C6067E00B67B2E /* MPKeyChain.m */; };
		9480D51818C62B6E00B67B2E /* AdSupport.framework in Frameworks */ = {isa = PBXBuildFile; fileRef = 9480D51718C62B6E00B67B2E /* AdSupport.framework */; };
		9480D51B18C62C3900B67B2E /* MPDevice.m in Sources */ = {isa = PBXBuildFile; fileRef = 9480D51A18C62C3900B67B2E /* MPDevice.m */; };
		9480D52018C630A500B67B2E /* MPAVObject.m in Sources */ = {isa = PBXBuildFile; fileRef = 9480D51F18C630A500B67B2E /* MPAVObject.m */; };
		9483C592187AEA6B001074DD /* Foundation.framework in Frameworks */ = {isa = PBXBuildFile; fileRef = 9483C591187AEA6B001074DD /* Foundation.framework */; };
		9483C594187AEA6B001074DD /* CoreGraphics.framework in Frameworks */ = {isa = PBXBuildFile; fileRef = 9483C593187AEA6B001074DD /* CoreGraphics.framework */; };
		9483C596187AEA6B001074DD /* UIKit.framework in Frameworks */ = {isa = PBXBuildFile; fileRef = 9483C595187AEA6B001074DD /* UIKit.framework */; };
		9483C59C187AEA6B001074DD /* InfoPlist.strings in Resources */ = {isa = PBXBuildFile; fileRef = 9483C59A187AEA6B001074DD /* InfoPlist.strings */; };
		9483C59E187AEA6B001074DD /* main.m in Sources */ = {isa = PBXBuildFile; fileRef = 9483C59D187AEA6B001074DD /* main.m */; };
		9483C5A2187AEA6B001074DD /* MPAppDelegate.m in Sources */ = {isa = PBXBuildFile; fileRef = 9483C5A1187AEA6B001074DD /* MPAppDelegate.m */; };
		9483C5A5187AEA6B001074DD /* Main_iPhone.storyboard in Resources */ = {isa = PBXBuildFile; fileRef = 9483C5A3187AEA6B001074DD /* Main_iPhone.storyboard */; };
		9483C5A8187AEA6B001074DD /* Main_iPad.storyboard in Resources */ = {isa = PBXBuildFile; fileRef = 9483C5A6187AEA6B001074DD /* Main_iPad.storyboard */; };
		9483C5B0187AEA6B001074DD /* Images.xcassets in Resources */ = {isa = PBXBuildFile; fileRef = 9483C5AF187AEA6B001074DD /* Images.xcassets */; };
		9483C5B7187AEA6B001074DD /* XCTest.framework in Frameworks */ = {isa = PBXBuildFile; fileRef = 9483C5B6187AEA6B001074DD /* XCTest.framework */; };
		9483C5B8187AEA6B001074DD /* Foundation.framework in Frameworks */ = {isa = PBXBuildFile; fileRef = 9483C591187AEA6B001074DD /* Foundation.framework */; };
		9483C5B9187AEA6B001074DD /* UIKit.framework in Frameworks */ = {isa = PBXBuildFile; fileRef = 9483C595187AEA6B001074DD /* UIKit.framework */; };
		9483C5C1187AEA6B001074DD /* InfoPlist.strings in Resources */ = {isa = PBXBuildFile; fileRef = 9483C5BF187AEA6B001074DD /* InfoPlist.strings */; };
		9483C5C3187AEA6B001074DD /* MyPrototyperTests.m in Sources */ = {isa = PBXBuildFile; fileRef = 9483C5C2187AEA6B001074DD /* MyPrototyperTests.m */; };
		9483C5CE187AED20001074DD /* MPMainViewController.m in Sources */ = {isa = PBXBuildFile; fileRef = 9483C5CD187AED20001074DD /* MPMainViewController.m */; };
		9486711C189E856E002165CF /* MPTabBarController.m in Sources */ = {isa = PBXBuildFile; fileRef = 9486711B189E856E002165CF /* MPTabBarController.m */; };
		9486711F18A083AF002165CF /* MPNavigationController.m in Sources */ = {isa = PBXBuildFile; fileRef = 9486711E18A083AF002165CF /* MPNavigationController.m */; };
		9486715818A09685002165CF /* MBProgressHUD.m in Sources */ = {isa = PBXBuildFile; fileRef = 9486715718A09685002165CF /* MBProgressHUD.m */; };
		9486715B18A09B82002165CF /* SVProgressHUD.bundle in Resources */ = {isa = PBXBuildFile; fileRef = 9486715A18A09B82002165CF /* SVProgressHUD.bundle */; };
		9486715E18A0B345002165CF /* help.png in Resources */ = {isa = PBXBuildFile; fileRef = 9486715C18A0B345002165CF /* help.png */; };
		9486715F18A0B345002165CF /* help@2x.png in Resources */ = {isa = PBXBuildFile; fileRef = 9486715D18A0B345002165CF /* help@2x.png */; };
		9486716418A0F3BF002165CF /* shakephone.png in Resources */ = {isa = PBXBuildFile; fileRef = 9486716218A0F3BF002165CF /* shakephone.png */; };
		9486716518A0F3BF002165CF /* shakephone@2x.png in Resources */ = {isa = PBXBuildFile; fileRef = 9486716318A0F3BF002165CF /* shakephone@2x.png */; };
		9486716818A103AC002165CF /* itunesconnect.png in Resources */ = {isa = PBXBuildFile; fileRef = 9486716618A103AC002165CF /* itunesconnect.png */; };
		9486716918A103AC002165CF /* itunesconnect@2x.png in Resources */ = {isa = PBXBuildFile; fileRef = 9486716718A103AC002165CF /* itunesconnect@2x.png */; };
		9486716C18A164BA002165CF /* MPHelpViewController.m in Sources */ = {isa = PBXBuildFile; fileRef = 9486716B18A164BA002165CF /* MPHelpViewController.m */; };
		9486716F18A29DA4002165CF /* supports.png in Resources */ = {isa = PBXBuildFile; fileRef = 9486716D18A29DA4002165CF /* supports.png */; };
		9486717018A29DA4002165CF /* supports@2x.png in Resources */ = {isa = PBXBuildFile; fileRef = 9486716E18A29DA4002165CF /* supports@2x.png */; };
		9486717318A33CC1002165CF /* unzip.png in Resources */ = {isa = PBXBuildFile; fileRef = 9486717118A33CC1002165CF /* unzip.png */; };
		9486717418A33CC1002165CF /* unzip@2x.png in Resources */ = {isa = PBXBuildFile; fileRef = 9486717218A33CC1002165CF /* unzip@2x.png */; };
		9486717B18A544FC002165CF /* icon-57.png in Resources */ = {isa = PBXBuildFile; fileRef = 9486717718A544FC002165CF /* icon-57.png */; };
		9486717C18A544FC002165CF /* icon-60.png in Resources */ = {isa = PBXBuildFile; fileRef = 9486717818A544FC002165CF /* icon-60.png */; };
		9486717D18A544FC002165CF /* icon-114.png in Resources */ = {isa = PBXBuildFile; fileRef = 9486717918A544FC002165CF /* icon-114.png */; };
		9486717E18A544FC002165CF /* icon-120.png in Resources */ = {isa = PBXBuildFile; fileRef = 9486717A18A544FC002165CF /* icon-120.png */; };
		9486718118A5476E002165CF /* icon-58.png in Resources */ = {isa = PBXBuildFile; fileRef = 9486717F18A5476E002165CF /* icon-58.png */; };
		9486718218A5476E002165CF /* icon-80.png in Resources */ = {isa = PBXBuildFile; fileRef = 9486718018A5476E002165CF /* icon-80.png */; };
		9486718418A547EF002165CF /* icon-29.png in Resources */ = {isa = PBXBuildFile; fileRef = 9486718318A547EF002165CF /* icon-29.png */; };
		94ABB1A2187C2ACE004F19F9 /* ChangeLogUnzip in Resources */ = {isa = PBXBuildFile; fileRef = 94ABB190187C2ACE004F19F9 /* ChangeLogUnzip */; };
		94ABB1A3187C2ACE004F19F9 /* ioapi.c in Sources */ = {isa = PBXBuildFile; fileRef = 94ABB192187C2ACE004F19F9 /* ioapi.c */; settings = {COMPILER_FLAGS = "-fno-objc-arc"; }; };
		94ABB1A4187C2ACE004F19F9 /* make_vms.com in Resources */ = {isa = PBXBuildFile; fileRef = 94ABB194187C2ACE004F19F9 /* make_vms.com */; };
		94ABB1A5187C2ACE004F19F9 /* Makefile in Sources */ = {isa = PBXBuildFile; fileRef = 94ABB195187C2ACE004F19F9 /* Makefile */; };
		94ABB1A8187C2ACE004F19F9 /* MiniZip64_Changes.txt in Resources */ = {isa = PBXBuildFile; fileRef = 94ABB198187C2ACE004F19F9 /* MiniZip64_Changes.txt */; };
		94ABB1A9187C2ACE004F19F9 /* MiniZip64_info.txt in Resources */ = {isa = PBXBuildFile; fileRef = 94ABB199187C2ACE004F19F9 /* MiniZip64_info.txt */; };
		94ABB1AA187C2ACE004F19F9 /* mztools.c in Sources */ = {isa = PBXBuildFile; fileRef = 94ABB19A187C2ACE004F19F9 /* mztools.c */; settings = {COMPILER_FLAGS = "-fno-objc-arc"; }; };
		94ABB1AB187C2ACE004F19F9 /* unzip.c in Sources */ = {isa = PBXBuildFile; fileRef = 94ABB19C187C2ACE004F19F9 /* unzip.c */; settings = {COMPILER_FLAGS = "-fno-objc-arc"; }; };
		94ABB1AC187C2ACE004F19F9 /* zip.c in Sources */ = {isa = PBXBuildFile; fileRef = 94ABB19E187C2ACE004F19F9 /* zip.c */; };
		94ABB1AD187C2ACE004F19F9 /* ZipArchive.m in Sources */ = {isa = PBXBuildFile; fileRef = 94ABB1A1187C2ACE004F19F9 /* ZipArchive.m */; settings = {COMPILER_FLAGS = "-fno-objc-arc"; }; };
		94ABB1AF187C3918004F19F9 /* libz.1.2.5.dylib in Frameworks */ = {isa = PBXBuildFile; fileRef = 94ABB1AE187C3918004F19F9 /* libz.1.2.5.dylib */; };
		94ABB1B8187D61EC004F19F9 /* MPWebViewController.m in Sources */ = {isa = PBXBuildFile; fileRef = 94ABB1B7187D61EC004F19F9 /* MPWebViewController.m */; };
		94ABB1BA187D63AE004F19F9 /* AudioToolbox.framework in Frameworks */ = {isa = PBXBuildFile; fileRef = 94ABB1B9187D63AE004F19F9 /* AudioToolbox.framework */; };
		94ABB1BD187DA6E4004F19F9 /* MPSettingViewController.m in Sources */ = {isa = PBXBuildFile; fileRef = 94ABB1BC187DA6E4004F19F9 /* MPSettingViewController.m */; };
		94ABB1C0187DB2C7004F19F9 /* MPSettingUtils.m in Sources */ = {isa = PBXBuildFile; fileRef = 94ABB1BF187DB2C7004F19F9 /* MPSettingUtils.m */; };
		94CD406218A69FF8000E93AA /* welcome.png in Resources */ = {isa = PBXBuildFile; fileRef = 94CD406018A69FF8000E93AA /* welcome.png */; };
		94CD406318A69FF8000E93AA /* welcome@2x.png in Resources */ = {isa = PBXBuildFile; fileRef = 94CD406118A69FF8000E93AA /* welcome@2x.png */; };
		94F5FD4C188A7ED400A33409 /* MPLandespaceSettingViewController.m in Sources */ = {isa = PBXBuildFile; fileRef = 94F5FD4B188A7ED400A33409 /* MPLandespaceSettingViewController.m */; };
/* End PBXBuildFile section */

/* Begin PBXContainerItemProxy section */
		9483C5BA187AEA6B001074DD /* PBXContainerItemProxy */ = {
			isa = PBXContainerItemProxy;
			containerPortal = 9483C586187AEA6B001074DD /* Project object */;
			proxyType = 1;
			remoteGlobalIDString = 9483C58D187AEA6B001074DD;
			remoteInfo = MyPrototyper;
		};
/* End PBXContainerItemProxy section */

/* Begin PBXFileReference section */
		290B1BF725634156952384E5 /* Pods.xcconfig */ = {isa = PBXFileReference; includeInIndex = 1; lastKnownFileType = text.xcconfig; name = Pods.xcconfig; path = Pods/Pods.xcconfig; sourceTree = "<group>"; };
		4FFF9BF068654A4CBC99CFEA /* libPods.a */ = {isa = PBXFileReference; explicitFileType = archive.ar; includeInIndex = 0; path = libPods.a; sourceTree = BUILT_PRODUCTS_DIR; };
		94149BAD18AE8A44005182A0 /* zh-Hans */ = {isa = PBXFileReference; lastKnownFileType = text.plist.strings; name = "zh-Hans"; path = "zh-Hans.lproj/Main_iPhone.strings"; sourceTree = "<group>"; };
		94149BAE18AE8A44005182A0 /* zh-Hans */ = {isa = PBXFileReference; lastKnownFileType = text.plist.strings; name = "zh-Hans"; path = "zh-Hans.lproj/Main_iPad.strings"; sourceTree = "<group>"; };
		94149BAF18AE8A44005182A0 /* zh-Hans */ = {isa = PBXFileReference; lastKnownFileType = text.plist.strings; name = "zh-Hans"; path = "zh-Hans.lproj/InfoPlist.strings"; sourceTree = "<group>"; };
		94149BB018AE8A44005182A0 /* zh-Hans */ = {isa = PBXFileReference; lastKnownFileType = text.plist.strings; name = "zh-Hans"; path = "zh-Hans.lproj/InfoPlist.strings"; sourceTree = "<group>"; };
		94149BCC18AF5273005182A0 /* zh-Hans */ = {isa = PBXFileReference; lastKnownFileType = text.plist.strings; name = "zh-Hans"; path = "zh-Hans.lproj/Localizable.strings"; sourceTree = "<group>"; };
		94149BCE18AF75E8005182A0 /* en */ = {isa = PBXFileReference; lastKnownFileType = text.plist.strings; name = en; path = en.lproj/Localizable.strings; sourceTree = "<group>"; };
		94149BCF18AF8DC2005182A0 /* MPSimpleWebViewController.h */ = {isa = PBXFileReference; fileEncoding = 4; lastKnownFileType = sourcecode.c.h; path = MPSimpleWebViewController.h; sourceTree = "<group>"; };
		94149BD018AF8DC2005182A0 /* MPSimpleWebViewController.m */ = {isa = PBXFileReference; fileEncoding = 4; lastKnownFileType = sourcecode.c.objc; path = MPSimpleWebViewController.m; sourceTree = "<group>"; };
		94149BD218AFA160005182A0 /* MessageUI.framework */ = {isa = PBXFileReference; lastKnownFileType = wrapper.framework; name = MessageUI.framework; path = System/Library/Frameworks/MessageUI.framework; sourceTree = SDKROOT; };
		94149BD518AFCCCE005182A0 /* iRate.bundle */ = {isa = PBXFileReference; lastKnownFileType = "wrapper.plug-in"; path = iRate.bundle; sourceTree = "<group>"; };
		94149BD618AFCCCE005182A0 /* iRate.h */ = {isa = PBXFileReference; fileEncoding = 4; lastKnownFileType = sourcecode.c.h; path = iRate.h; sourceTree = "<group>"; };
		94149BD718AFCCCE005182A0 /* iRate.m */ = {isa = PBXFileReference; fileEncoding = 4; lastKnownFileType = sourcecode.c.objc; path = iRate.m; sourceTree = "<group>"; };
		94149BDA18B0E4AD005182A0 /* CoreMotion.framework */ = {isa = PBXFileReference; lastKnownFileType = wrapper.framework; name = CoreMotion.framework; path = System/Library/Frameworks/CoreMotion.framework; sourceTree = SDKROOT; };
		9416A340187AF90000F8C9EC /* MPStorage.h */ = {isa = PBXFileReference; fileEncoding = 4; lastKnownFileType = sourcecode.c.h; path = MPStorage.h; sourceTree = "<group>"; };
		9416A341187AF90000F8C9EC /* MPStorage.m */ = {isa = PBXFileReference; fileEncoding = 4; lastKnownFileType = sourcecode.c.objc; path = MPStorage.m; sourceTree = "<group>"; };
		9416A344187AF93C00F8C9EC /* FMDatabase.h */ = {isa = PBXFileReference; fileEncoding = 4; lastKnownFileType = sourcecode.c.h; path = FMDatabase.h; sourceTree = "<group>"; };
		9416A345187AF93C00F8C9EC /* FMDatabase.m */ = {isa = PBXFileReference; fileEncoding = 4; lastKnownFileType = sourcecode.c.objc; path = FMDatabase.m; sourceTree = "<group>"; };
		9416A346187AF93C00F8C9EC /* FMDatabaseAdditions.h */ = {isa = PBXFileReference; fileEncoding = 4; lastKnownFileType = sourcecode.c.h; path = FMDatabaseAdditions.h; sourceTree = "<group>"; };
		9416A347187AF93C00F8C9EC /* FMDatabaseAdditions.m */ = {isa = PBXFileReference; fileEncoding = 4; lastKnownFileType = sourcecode.c.objc; path = FMDatabaseAdditions.m; sourceTree = "<group>"; };
		9416A348187AF93C00F8C9EC /* FMDatabasePool.h */ = {isa = PBXFileReference; fileEncoding = 4; lastKnownFileType = sourcecode.c.h; path = FMDatabasePool.h; sourceTree = "<group>"; };
		9416A349187AF93C00F8C9EC /* FMDatabasePool.m */ = {isa = PBXFileReference; fileEncoding = 4; lastKnownFileType = sourcecode.c.objc; path = FMDatabasePool.m; sourceTree = "<group>"; };
		9416A34A187AF93C00F8C9EC /* FMDatabaseQueue.h */ = {isa = PBXFileReference; fileEncoding = 4; lastKnownFileType = sourcecode.c.h; path = FMDatabaseQueue.h; sourceTree = "<group>"; };
		9416A34B187AF93C00F8C9EC /* FMDatabaseQueue.m */ = {isa = PBXFileReference; fileEncoding = 4; lastKnownFileType = sourcecode.c.objc; path = FMDatabaseQueue.m; sourceTree = "<group>"; };
		9416A34D187AF93C00F8C9EC /* FMResultSet.h */ = {isa = PBXFileReference; fileEncoding = 4; lastKnownFileType = sourcecode.c.h; path = FMResultSet.h; sourceTree = "<group>"; };
		9416A34E187AF93C00F8C9EC /* FMResultSet.m */ = {isa = PBXFileReference; fileEncoding = 4; lastKnownFileType = sourcecode.c.objc; path = FMResultSet.m; sourceTree = "<group>"; };
		9416A355187AF96D00F8C9EC /* libsqlite3.dylib */ = {isa = PBXFileReference; lastKnownFileType = "compiled.mach-o.dylib"; name = libsqlite3.dylib; path = usr/lib/libsqlite3.dylib; sourceTree = SDKROOT; };
		9416A357187B005900F8C9EC /* MPProject.h */ = {isa = PBXFileReference; fileEncoding = 4; lastKnownFileType = sourcecode.c.h; path = MPProject.h; sourceTree = "<group>"; };
		9416A358187B005900F8C9EC /* MPProject.m */ = {isa = PBXFileReference; fileEncoding = 4; lastKnownFileType = sourcecode.c.objc; path = MPProject.m; sourceTree = "<group>"; };
		94357A4E18B722B80001C0EA /* Base */ = {isa = PBXFileReference; lastKnownFileType = file.xib; name = Base; path = Base.lproj/EmptyView.xib; sourceTree = "<group>"; };
		943A0C1118AC7AD5004AF08E /* Prototyper Example.zip */ = {isa = PBXFileReference; lastKnownFileType = archive.zip; path = "Prototyper Example.zip"; sourceTree = "<group>"; };
		943F6B9418AD0E6800253DF1 /* Default-568h@2x.png */ = {isa = PBXFileReference; lastKnownFileType = image.png; name = "Default-568h@2x.png"; path = "MyPrototyper/Default-568h@2x.png"; sourceTree = "<group>"; };
		943F6B9518AD0E6800253DF1 /* Default.png */ = {isa = PBXFileReference; lastKnownFileType = image.png; name = Default.png; path = MyPrototyper/Default.png; sourceTree = "<group>"; };
		943F6B9618AD0E6800253DF1 /* Default@2x.png */ = {isa = PBXFileReference; lastKnownFileType = image.png; name = "Default@2x.png"; path = "MyPrototyper/Default@2x.png"; sourceTree = "<group>"; };
		943F6B9C18AD1AA800253DF1 /* xiaohuangrenxiasheng_02.mp3 */ = {isa = PBXFileReference; lastKnownFileType = audio.mp3; path = xiaohuangrenxiasheng_02.mp3; sourceTree = "<group>"; };
		943F6BA318AD1D5800253DF1 /* Tock.aiff */ = {isa = PBXFileReference; lastKnownFileType = audio.aiff; path = Tock.aiff; sourceTree = "<group>"; };
		943F6BA518AD24B400253DF1 /* icon-72.png */ = {isa = PBXFileReference; lastKnownFileType = image.png; name = "icon-72.png"; path = "MyPrototyper/icon-72.png"; sourceTree = "<group>"; };
		9480D51218C6067E00B67B2E /* MPKeyChain.h */ = {isa = PBXFileReference; fileEncoding = 4; lastKnownFileType = sourcecode.c.h; name = MPKeyChain.h; path = KeyChain/MPKeyChain.h; sourceTree = "<group>"; };
		9480D51318C6067E00B67B2E /* MPKeyChain.m */ = {isa = PBXFileReference; fileEncoding = 4; lastKnownFileType = sourcecode.c.objc; name = MPKeyChain.m; path = KeyChain/MPKeyChain.m; sourceTree = "<group>"; };
		9480D51718C62B6E00B67B2E /* AdSupport.framework */ = {isa = PBXFileReference; lastKnownFileType = wrapper.framework; name = AdSupport.framework; path = System/Library/Frameworks/AdSupport.framework; sourceTree = SDKROOT; };
		9480D51918C62C3900B67B2E /* MPDevice.h */ = {isa = PBXFileReference; fileEncoding = 4; lastKnownFileType = sourcecode.c.h; name = MPDevice.h; path = Utils/MPDevice.h; sourceTree = "<group>"; };
		9480D51A18C62C3900B67B2E /* MPDevice.m */ = {isa = PBXFileReference; fileEncoding = 4; lastKnownFileType = sourcecode.c.objc; name = MPDevice.m; path = Utils/MPDevice.m; sourceTree = "<group>"; };
		9480D51E18C630A500B67B2E /* MPAVObject.h */ = {isa = PBXFileReference; fileEncoding = 4; lastKnownFileType = sourcecode.c.h; name = MPAVObject.h; path = Utils/MPAVObject.h; sourceTree = "<group>"; };
		9480D51F18C630A500B67B2E /* MPAVObject.m */ = {isa = PBXFileReference; fileEncoding = 4; lastKnownFileType = sourcecode.c.objc; name = MPAVObject.m; path = Utils/MPAVObject.m; sourceTree = "<group>"; };
		9483C58E187AEA6B001074DD /* MyPrototyper.app */ = {isa = PBXFileReference; explicitFileType = wrapper.application; includeInIndex = 0; path = MyPrototyper.app; sourceTree = BUILT_PRODUCTS_DIR; };
		9483C591187AEA6B001074DD /* Foundation.framework */ = {isa = PBXFileReference; lastKnownFileType = wrapper.framework; name = Foundation.framework; path = System/Library/Frameworks/Foundation.framework; sourceTree = SDKROOT; };
		9483C593187AEA6B001074DD /* CoreGraphics.framework */ = {isa = PBXFileReference; lastKnownFileType = wrapper.framework; name = CoreGraphics.framework; path = System/Library/Frameworks/CoreGraphics.framework; sourceTree = SDKROOT; };
		9483C595187AEA6B001074DD /* UIKit.framework */ = {isa = PBXFileReference; lastKnownFileType = wrapper.framework; name = UIKit.framework; path = System/Library/Frameworks/UIKit.framework; sourceTree = SDKROOT; };
		9483C599187AEA6B001074DD /* MyPrototyper-Info.plist */ = {isa = PBXFileReference; lastKnownFileType = text.plist.xml; path = "MyPrototyper-Info.plist"; sourceTree = "<group>"; };
		9483C59B187AEA6B001074DD /* en */ = {isa = PBXFileReference; lastKnownFileType = text.plist.strings; name = en; path = en.lproj/InfoPlist.strings; sourceTree = "<group>"; };
		9483C59D187AEA6B001074DD /* main.m */ = {isa = PBXFileReference; lastKnownFileType = sourcecode.c.objc; path = main.m; sourceTree = "<group>"; };
		9483C59F187AEA6B001074DD /* MyPrototyper-Prefix.pch */ = {isa = PBXFileReference; lastKnownFileType = sourcecode.c.h; path = "MyPrototyper-Prefix.pch"; sourceTree = "<group>"; };
		9483C5A0187AEA6B001074DD /* MPAppDelegate.h */ = {isa = PBXFileReference; lastKnownFileType = sourcecode.c.h; path = MPAppDelegate.h; sourceTree = "<group>"; };
		9483C5A1187AEA6B001074DD /* MPAppDelegate.m */ = {isa = PBXFileReference; lastKnownFileType = sourcecode.c.objc; path = MPAppDelegate.m; sourceTree = "<group>"; };
		9483C5A4187AEA6B001074DD /* Base */ = {isa = PBXFileReference; lastKnownFileType = file.storyboard; name = Base; path = Base.lproj/Main_iPhone.storyboard; sourceTree = "<group>"; };
		9483C5A7187AEA6B001074DD /* Base */ = {isa = PBXFileReference; lastKnownFileType = file.storyboard; name = Base; path = Base.lproj/Main_iPad.storyboard; sourceTree = "<group>"; };
		9483C5AF187AEA6B001074DD /* Images.xcassets */ = {isa = PBXFileReference; lastKnownFileType = folder.assetcatalog; path = Images.xcassets; sourceTree = "<group>"; };
		9483C5B5187AEA6B001074DD /* MyPrototyperTests.xctest */ = {isa = PBXFileReference; explicitFileType = wrapper.cfbundle; includeInIndex = 0; path = MyPrototyperTests.xctest; sourceTree = BUILT_PRODUCTS_DIR; };
		9483C5B6187AEA6B001074DD /* XCTest.framework */ = {isa = PBXFileReference; lastKnownFileType = wrapper.framework; name = XCTest.framework; path = Library/Frameworks/XCTest.framework; sourceTree = DEVELOPER_DIR; };
		9483C5BE187AEA6B001074DD /* MyPrototyperTests-Info.plist */ = {isa = PBXFileReference; lastKnownFileType = text.plist.xml; path = "MyPrototyperTests-Info.plist"; sourceTree = "<group>"; };
		9483C5C0187AEA6B001074DD /* en */ = {isa = PBXFileReference; lastKnownFileType = text.plist.strings; name = en; path = en.lproj/InfoPlist.strings; sourceTree = "<group>"; };
		9483C5C2187AEA6B001074DD /* MyPrototyperTests.m */ = {isa = PBXFileReference; lastKnownFileType = sourcecode.c.objc; path = MyPrototyperTests.m; sourceTree = "<group>"; };
		9483C5CC187AED20001074DD /* MPMainViewController.h */ = {isa = PBXFileReference; fileEncoding = 4; lastKnownFileType = sourcecode.c.h; path = MPMainViewController.h; sourceTree = "<group>"; };
		9483C5CD187AED20001074DD /* MPMainViewController.m */ = {isa = PBXFileReference; fileEncoding = 4; lastKnownFileType = sourcecode.c.objc; path = MPMainViewController.m; sourceTree = "<group>"; };
		9486711A189E856E002165CF /* MPTabBarController.h */ = {isa = PBXFileReference; fileEncoding = 4; lastKnownFileType = sourcecode.c.h; path = MPTabBarController.h; sourceTree = "<group>"; };
		9486711B189E856E002165CF /* MPTabBarController.m */ = {isa = PBXFileReference; fileEncoding = 4; lastKnownFileType = sourcecode.c.objc; path = MPTabBarController.m; sourceTree = "<group>"; };
		9486711D18A083AF002165CF /* MPNavigationController.h */ = {isa = PBXFileReference; fileEncoding = 4; lastKnownFileType = sourcecode.c.h; path = MPNavigationController.h; sourceTree = "<group>"; };
		9486711E18A083AF002165CF /* MPNavigationController.m */ = {isa = PBXFileReference; fileEncoding = 4; lastKnownFileType = sourcecode.c.objc; path = MPNavigationController.m; sourceTree = "<group>"; };
		9486715618A09685002165CF /* MBProgressHUD.h */ = {isa = PBXFileReference; fileEncoding = 4; lastKnownFileType = sourcecode.c.h; path = MBProgressHUD.h; sourceTree = "<group>"; };
		9486715718A09685002165CF /* MBProgressHUD.m */ = {isa = PBXFileReference; fileEncoding = 4; lastKnownFileType = sourcecode.c.objc; path = MBProgressHUD.m; sourceTree = "<group>"; };
		9486715A18A09B82002165CF /* SVProgressHUD.bundle */ = {isa = PBXFileReference; lastKnownFileType = "wrapper.plug-in"; path = SVProgressHUD.bundle; sourceTree = "<group>"; };
		9486715C18A0B345002165CF /* help.png */ = {isa = PBXFileReference; lastKnownFileType = image.png; path = help.png; sourceTree = "<group>"; };
		9486715D18A0B345002165CF /* help@2x.png */ = {isa = PBXFileReference; lastKnownFileType = image.png; path = "help@2x.png"; sourceTree = "<group>"; };
		9486716218A0F3BF002165CF /* shakephone.png */ = {isa = PBXFileReference; lastKnownFileType = image.png; path = shakephone.png; sourceTree = "<group>"; };
		9486716318A0F3BF002165CF /* shakephone@2x.png */ = {isa = PBXFileReference; lastKnownFileType = image.png; path = "shakephone@2x.png"; sourceTree = "<group>"; };
		9486716618A103AC002165CF /* itunesconnect.png */ = {isa = PBXFileReference; lastKnownFileType = image.png; path = itunesconnect.png; sourceTree = "<group>"; };
		9486716718A103AC002165CF /* itunesconnect@2x.png */ = {isa = PBXFileReference; lastKnownFileType = image.png; path = "itunesconnect@2x.png"; sourceTree = "<group>"; };
		9486716A18A164BA002165CF /* MPHelpViewController.h */ = {isa = PBXFileReference; fileEncoding = 4; lastKnownFileType = sourcecode.c.h; path = MPHelpViewController.h; sourceTree = "<group>"; };
		9486716B18A164BA002165CF /* MPHelpViewController.m */ = {isa = PBXFileReference; fileEncoding = 4; lastKnownFileType = sourcecode.c.objc; path = MPHelpViewController.m; sourceTree = "<group>"; };
		9486716D18A29DA4002165CF /* supports.png */ = {isa = PBXFileReference; lastKnownFileType = image.png; path = supports.png; sourceTree = "<group>"; };
		9486716E18A29DA4002165CF /* supports@2x.png */ = {isa = PBXFileReference; lastKnownFileType = image.png; path = "supports@2x.png"; sourceTree = "<group>"; };
		9486717118A33CC1002165CF /* unzip.png */ = {isa = PBXFileReference; lastKnownFileType = image.png; path = unzip.png; sourceTree = "<group>"; };
		9486717218A33CC1002165CF /* unzip@2x.png */ = {isa = PBXFileReference; lastKnownFileType = image.png; path = "unzip@2x.png"; sourceTree = "<group>"; };
		9486717718A544FC002165CF /* icon-57.png */ = {isa = PBXFileReference; lastKnownFileType = image.png; name = "icon-57.png"; path = "MyPrototyper/icon-57.png"; sourceTree = "<group>"; };
		9486717818A544FC002165CF /* icon-60.png */ = {isa = PBXFileReference; lastKnownFileType = image.png; name = "icon-60.png"; path = "MyPrototyper/icon-60.png"; sourceTree = "<group>"; };
		9486717918A544FC002165CF /* icon-114.png */ = {isa = PBXFileReference; lastKnownFileType = image.png; name = "icon-114.png"; path = "MyPrototyper/icon-114.png"; sourceTree = "<group>"; };
		9486717A18A544FC002165CF /* icon-120.png */ = {isa = PBXFileReference; lastKnownFileType = image.png; name = "icon-120.png"; path = "MyPrototyper/icon-120.png"; sourceTree = "<group>"; };
		9486717F18A5476E002165CF /* icon-58.png */ = {isa = PBXFileReference; lastKnownFileType = image.png; name = "icon-58.png"; path = "MyPrototyper/icon-58.png"; sourceTree = "<group>"; };
		9486718018A5476E002165CF /* icon-80.png */ = {isa = PBXFileReference; lastKnownFileType = image.png; name = "icon-80.png"; path = "MyPrototyper/icon-80.png"; sourceTree = "<group>"; };
		9486718318A547EF002165CF /* icon-29.png */ = {isa = PBXFileReference; lastKnownFileType = image.png; name = "icon-29.png"; path = "MyPrototyper/icon-29.png"; sourceTree = "<group>"; };
		948D4E8118B722F700645CC5 /* zh-Hans */ = {isa = PBXFileReference; lastKnownFileType = text.plist.strings; name = "zh-Hans"; path = "zh-Hans.lproj/EmptyView.strings"; sourceTree = "<group>"; };
		94ABB190187C2ACE004F19F9 /* ChangeLogUnzip */ = {isa = PBXFileReference; fileEncoding = 4; lastKnownFileType = text; path = ChangeLogUnzip; sourceTree = "<group>"; };
		94ABB191187C2ACE004F19F9 /* crypt.h */ = {isa = PBXFileReference; fileEncoding = 4; lastKnownFileType = sourcecode.c.h; path = crypt.h; sourceTree = "<group>"; };
		94ABB192187C2ACE004F19F9 /* ioapi.c */ = {isa = PBXFileReference; fileEncoding = 4; lastKnownFileType = sourcecode.c.c; path = ioapi.c; sourceTree = "<group>"; };
		94ABB193187C2ACE004F19F9 /* ioapi.h */ = {isa = PBXFileReference; fileEncoding = 4; lastKnownFileType = sourcecode.c.h; path = ioapi.h; sourceTree = "<group>"; };
		94ABB194187C2ACE004F19F9 /* make_vms.com */ = {isa = PBXFileReference; fileEncoding = 4; lastKnownFileType = text; path = make_vms.com; sourceTree = "<group>"; };
		94ABB195187C2ACE004F19F9 /* Makefile */ = {isa = PBXFileReference; fileEncoding = 4; lastKnownFileType = sourcecode.make; path = Makefile; sourceTree = "<group>"; };
		94ABB198187C2ACE004F19F9 /* MiniZip64_Changes.txt */ = {isa = PBXFileReference; fileEncoding = 4; lastKnownFileType = text; path = MiniZip64_Changes.txt; sourceTree = "<group>"; };
		94ABB199187C2ACE004F19F9 /* MiniZip64_info.txt */ = {isa = PBXFileReference; fileEncoding = 4; lastKnownFileType = text; path = MiniZip64_info.txt; sourceTree = "<group>"; };
		94ABB19A187C2ACE004F19F9 /* mztools.c */ = {isa = PBXFileReference; fileEncoding = 4; lastKnownFileType = sourcecode.c.c; path = mztools.c; sourceTree = "<group>"; };
		94ABB19B187C2ACE004F19F9 /* mztools.h */ = {isa = PBXFileReference; fileEncoding = 4; lastKnownFileType = sourcecode.c.h; path = mztools.h; sourceTree = "<group>"; };
		94ABB19C187C2ACE004F19F9 /* unzip.c */ = {isa = PBXFileReference; fileEncoding = 4; lastKnownFileType = sourcecode.c.c; path = unzip.c; sourceTree = "<group>"; };
		94ABB19D187C2ACE004F19F9 /* unzip.h */ = {isa = PBXFileReference; fileEncoding = 4; lastKnownFileType = sourcecode.c.h; path = unzip.h; sourceTree = "<group>"; };
		94ABB19E187C2ACE004F19F9 /* zip.c */ = {isa = PBXFileReference; fileEncoding = 4; lastKnownFileType = sourcecode.c.c; path = zip.c; sourceTree = "<group>"; };
		94ABB19F187C2ACE004F19F9 /* zip.h */ = {isa = PBXFileReference; fileEncoding = 4; lastKnownFileType = sourcecode.c.h; path = zip.h; sourceTree = "<group>"; };
		94ABB1A0187C2ACE004F19F9 /* ZipArchive.h */ = {isa = PBXFileReference; fileEncoding = 4; lastKnownFileType = sourcecode.c.h; path = ZipArchive.h; sourceTree = "<group>"; };
		94ABB1A1187C2ACE004F19F9 /* ZipArchive.m */ = {isa = PBXFileReference; fileEncoding = 4; lastKnownFileType = sourcecode.c.objc; path = ZipArchive.m; sourceTree = "<group>"; };
		94ABB1AE187C3918004F19F9 /* libz.1.2.5.dylib */ = {isa = PBXFileReference; lastKnownFileType = "compiled.mach-o.dylib"; name = libz.1.2.5.dylib; path = usr/lib/libz.1.2.5.dylib; sourceTree = SDKROOT; };
		94ABB1B6187D61EC004F19F9 /* MPWebViewController.h */ = {isa = PBXFileReference; fileEncoding = 4; lastKnownFileType = sourcecode.c.h; path = MPWebViewController.h; sourceTree = "<group>"; };
		94ABB1B7187D61EC004F19F9 /* MPWebViewController.m */ = {isa = PBXFileReference; fileEncoding = 4; lastKnownFileType = sourcecode.c.objc; path = MPWebViewController.m; sourceTree = "<group>"; };
		94ABB1B9187D63AE004F19F9 /* AudioToolbox.framework */ = {isa = PBXFileReference; lastKnownFileType = wrapper.framework; name = AudioToolbox.framework; path = System/Library/Frameworks/AudioToolbox.framework; sourceTree = SDKROOT; };
		94ABB1BB187DA6E4004F19F9 /* MPSettingViewController.h */ = {isa = PBXFileReference; fileEncoding = 4; lastKnownFileType = sourcecode.c.h; path = MPSettingViewController.h; sourceTree = "<group>"; };
		94ABB1BC187DA6E4004F19F9 /* MPSettingViewController.m */ = {isa = PBXFileReference; fileEncoding = 4; lastKnownFileType = sourcecode.c.objc; path = MPSettingViewController.m; sourceTree = "<group>"; };
		94ABB1BE187DB2C7004F19F9 /* MPSettingUtils.h */ = {isa = PBXFileReference; fileEncoding = 4; lastKnownFileType = sourcecode.c.h; path = MPSettingUtils.h; sourceTree = "<group>"; };
		94ABB1BF187DB2C7004F19F9 /* MPSettingUtils.m */ = {isa = PBXFileReference; fileEncoding = 4; lastKnownFileType = sourcecode.c.objc; path = MPSettingUtils.m; sourceTree = "<group>"; };
		94CD406018A69FF8000E93AA /* welcome.png */ = {isa = PBXFileReference; lastKnownFileType = image.png; path = welcome.png; sourceTree = "<group>"; };
		94CD406118A69FF8000E93AA /* welcome@2x.png */ = {isa = PBXFileReference; lastKnownFileType = image.png; path = "welcome@2x.png"; sourceTree = "<group>"; };
		94F5FD4A188A7ED400A33409 /* MPLandespaceSettingViewController.h */ = {isa = PBXFileReference; fileEncoding = 4; lastKnownFileType = sourcecode.c.h; path = MPLandespaceSettingViewController.h; sourceTree = "<group>"; };
		94F5FD4B188A7ED400A33409 /* MPLandespaceSettingViewController.m */ = {isa = PBXFileReference; fileEncoding = 4; lastKnownFileType = sourcecode.c.objc; path = MPLandespaceSettingViewController.m; sourceTree = "<group>"; };
/* End PBXFileReference section */

/* Begin PBXFrameworksBuildPhase section */
		9483C58B187AEA6B001074DD /* Frameworks */ = {
			isa = PBXFrameworksBuildPhase;
			buildActionMask = 2147483647;
			files = (
				9480D51818C62B6E00B67B2E /* AdSupport.framework in Frameworks */,
				94149BDB18B0E4AD005182A0 /* CoreMotion.framework in Frameworks */,
				94149BD318AFA160005182A0 /* MessageUI.framework in Frameworks */,
				94ABB1BA187D63AE004F19F9 /* AudioToolbox.framework in Frameworks */,
				94ABB1AF187C3918004F19F9 /* libz.1.2.5.dylib in Frameworks */,
				9416A356187AF96D00F8C9EC /* libsqlite3.dylib in Frameworks */,
				9483C594187AEA6B001074DD /* CoreGraphics.framework in Frameworks */,
				9483C596187AEA6B001074DD /* UIKit.framework in Frameworks */,
				9483C592187AEA6B001074DD /* Foundation.framework in Frameworks */,
				64513C4C6791463E93095C6C /* libPods.a in Frameworks */,
			);
			runOnlyForDeploymentPostprocessing = 0;
		};
		9483C5B2187AEA6B001074DD /* Frameworks */ = {
			isa = PBXFrameworksBuildPhase;
			buildActionMask = 2147483647;
			files = (
				9483C5B7187AEA6B001074DD /* XCTest.framework in Frameworks */,
				9483C5B9187AEA6B001074DD /* UIKit.framework in Frameworks */,
				9483C5B8187AEA6B001074DD /* Foundation.framework in Frameworks */,
			);
			runOnlyForDeploymentPostprocessing = 0;
		};
/* End PBXFrameworksBuildPhase section */

/* Begin PBXGroup section */
		94149BD418AFCCCE005182A0 /* iRate */ = {
			isa = PBXGroup;
			children = (
				94149BD518AFCCCE005182A0 /* iRate.bundle */,
				94149BD618AFCCCE005182A0 /* iRate.h */,
				94149BD718AFCCCE005182A0 /* iRate.m */,
			);
			name = iRate;
			path = MyPrototyper/iRate;
			sourceTree = "<group>";
		};
		9416A343187AF93C00F8C9EC /* fmdb */ = {
			isa = PBXGroup;
			children = (
				9416A344187AF93C00F8C9EC /* FMDatabase.h */,
				9416A345187AF93C00F8C9EC /* FMDatabase.m */,
				9416A346187AF93C00F8C9EC /* FMDatabaseAdditions.h */,
				9416A347187AF93C00F8C9EC /* FMDatabaseAdditions.m */,
				9416A348187AF93C00F8C9EC /* FMDatabasePool.h */,
				9416A349187AF93C00F8C9EC /* FMDatabasePool.m */,
				9416A34A187AF93C00F8C9EC /* FMDatabaseQueue.h */,
				9416A34B187AF93C00F8C9EC /* FMDatabaseQueue.m */,
				9416A34D187AF93C00F8C9EC /* FMResultSet.h */,
				9416A34E187AF93C00F8C9EC /* FMResultSet.m */,
			);
			name = fmdb;
			path = MyPrototyper/fmdb;
			sourceTree = "<group>";
		};
		943A0C1018AC7AD5004AF08E /* example */ = {
			isa = PBXGroup;
			children = (
				943A0C1118AC7AD5004AF08E /* Prototyper Example.zip */,
			);
			path = example;
			sourceTree = "<group>";
		};
		943F6B9A18AD1AA800253DF1 /* sound */ = {
			isa = PBXGroup;
			children = (
				943F6BA318AD1D5800253DF1 /* Tock.aiff */,
				943F6B9C18AD1AA800253DF1 /* xiaohuangrenxiasheng_02.mp3 */,
			);
			path = sound;
			sourceTree = "<group>";
		};
		9480D51C18C62C6100B67B2E /* KeyChain */ = {
			isa = PBXGroup;
			children = (
				9480D51218C6067E00B67B2E /* MPKeyChain.h */,
				9480D51318C6067E00B67B2E /* MPKeyChain.m */,
			);
			name = KeyChain;
			sourceTree = "<group>";
		};
		9480D51D18C62C7200B67B2E /* Utils */ = {
			isa = PBXGroup;
			children = (
				9480D51918C62C3900B67B2E /* MPDevice.h */,
				9480D51A18C62C3900B67B2E /* MPDevice.m */,
				9480D51E18C630A500B67B2E /* MPAVObject.h */,
				9480D51F18C630A500B67B2E /* MPAVObject.m */,
			);
			name = Utils;
			sourceTree = "<group>";
		};
		9483C585187AEA6B001074DD = {
			isa = PBXGroup;
			children = (
				943F6B9418AD0E6800253DF1 /* Default-568h@2x.png */,
				943F6B9518AD0E6800253DF1 /* Default.png */,
				943F6B9618AD0E6800253DF1 /* Default@2x.png */,
				9486718318A547EF002165CF /* icon-29.png */,
				9486717718A544FC002165CF /* icon-57.png */,
				9486717F18A5476E002165CF /* icon-58.png */,
				9486717818A544FC002165CF /* icon-60.png */,
				943F6BA518AD24B400253DF1 /* icon-72.png */,
				9486718018A5476E002165CF /* icon-80.png */,
				9486717918A544FC002165CF /* icon-114.png */,
				9486717A18A544FC002165CF /* icon-120.png */,
				9486715918A09B82002165CF /* Resource */,
				9483C597187AEA6B001074DD /* MyPrototyper */,
				9483C5BC187AEA6B001074DD /* MyPrototyperTests */,
				9483C590187AEA6B001074DD /* Frameworks */,
				9483C58F187AEA6B001074DD /* Products */,
				290B1BF725634156952384E5 /* Pods.xcconfig */,
			);
			sourceTree = "<group>";
		};
		9483C58F187AEA6B001074DD /* Products */ = {
			isa = PBXGroup;
			children = (
				9483C58E187AEA6B001074DD /* MyPrototyper.app */,
				9483C5B5187AEA6B001074DD /* MyPrototyperTests.xctest */,
			);
			name = Products;
			sourceTree = "<group>";
		};
		9483C590187AEA6B001074DD /* Frameworks */ = {
			isa = PBXGroup;
			children = (
				9480D51718C62B6E00B67B2E /* AdSupport.framework */,
				94149BDA18B0E4AD005182A0 /* CoreMotion.framework */,
				94149BD418AFCCCE005182A0 /* iRate */,
				94149BD218AFA160005182A0 /* MessageUI.framework */,
				9486715518A09685002165CF /* MBProgressHUD */,
				94ABB1B9187D63AE004F19F9 /* AudioToolbox.framework */,
				94ABB1AE187C3918004F19F9 /* libz.1.2.5.dylib */,
				9416A355187AF96D00F8C9EC /* libsqlite3.dylib */,
				94ABB18E187C2ACE004F19F9 /* ZipArchive */,
				9416A343187AF93C00F8C9EC /* fmdb */,
				9483C591187AEA6B001074DD /* Foundation.framework */,
				9483C593187AEA6B001074DD /* CoreGraphics.framework */,
				9483C595187AEA6B001074DD /* UIKit.framework */,
				9483C5B6187AEA6B001074DD /* XCTest.framework */,
				4FFF9BF068654A4CBC99CFEA /* libPods.a */,
			);
			name = Frameworks;
			sourceTree = "<group>";
		};
		9483C597187AEA6B001074DD /* MyPrototyper */ = {
			isa = PBXGroup;
			children = (
				9480D51D18C62C7200B67B2E /* Utils */,
				9480D51C18C62C6100B67B2E /* KeyChain */,
				9483C5A0187AEA6B001074DD /* MPAppDelegate.h */,
				9483C5A1187AEA6B001074DD /* MPAppDelegate.m */,
				94357A4F18B722B80001C0EA /* EmptyView.xib */,
				9483C5A3187AEA6B001074DD /* Main_iPhone.storyboard */,
				9483C5A6187AEA6B001074DD /* Main_iPad.storyboard */,
				9486711A189E856E002165CF /* MPTabBarController.h */,
				9486711B189E856E002165CF /* MPTabBarController.m */,
				9483C5CC187AED20001074DD /* MPMainViewController.h */,
				9483C5CD187AED20001074DD /* MPMainViewController.m */,
				94ABB1B6187D61EC004F19F9 /* MPWebViewController.h */,
				94ABB1B7187D61EC004F19F9 /* MPWebViewController.m */,
				9486716A18A164BA002165CF /* MPHelpViewController.h */,
				9486716B18A164BA002165CF /* MPHelpViewController.m */,
				94ABB1BB187DA6E4004F19F9 /* MPSettingViewController.h */,
				94ABB1BC187DA6E4004F19F9 /* MPSettingViewController.m */,
				94149BCF18AF8DC2005182A0 /* MPSimpleWebViewController.h */,
				94149BD018AF8DC2005182A0 /* MPSimpleWebViewController.m */,
				94F5FD4A188A7ED400A33409 /* MPLandespaceSettingViewController.h */,
				94F5FD4B188A7ED400A33409 /* MPLandespaceSettingViewController.m */,
				9486711D18A083AF002165CF /* MPNavigationController.h */,
				9486711E18A083AF002165CF /* MPNavigationController.m */,
				94ABB1BE187DB2C7004F19F9 /* MPSettingUtils.h */,
				94ABB1BF187DB2C7004F19F9 /* MPSettingUtils.m */,
				9416A340187AF90000F8C9EC /* MPStorage.h */,
				9416A341187AF90000F8C9EC /* MPStorage.m */,
				9416A357187B005900F8C9EC /* MPProject.h */,
				9416A358187B005900F8C9EC /* MPProject.m */,
				9483C5AF187AEA6B001074DD /* Images.xcassets */,
				9483C598187AEA6B001074DD /* Supporting Files */,
			);
			path = MyPrototyper;
			sourceTree = "<group>";
		};
		9483C598187AEA6B001074DD /* Supporting Files */ = {
			isa = PBXGroup;
			children = (
				9483C599187AEA6B001074DD /* MyPrototyper-Info.plist */,
				9483C59A187AEA6B001074DD /* InfoPlist.strings */,
				9483C59D187AEA6B001074DD /* main.m */,
				9483C59F187AEA6B001074DD /* MyPrototyper-Prefix.pch */,
			);
			name = "Supporting Files";
			sourceTree = "<group>";
		};
		9483C5BC187AEA6B001074DD /* MyPrototyperTests */ = {
			isa = PBXGroup;
			children = (
				9483C5C2187AEA6B001074DD /* MyPrototyperTests.m */,
				9483C5BD187AEA6B001074DD /* Supporting Files */,
			);
			path = MyPrototyperTests;
			sourceTree = "<group>";
		};
		9483C5BD187AEA6B001074DD /* Supporting Files */ = {
			isa = PBXGroup;
			children = (
				9483C5BE187AEA6B001074DD /* MyPrototyperTests-Info.plist */,
				9483C5BF187AEA6B001074DD /* InfoPlist.strings */,
			);
			name = "Supporting Files";
			sourceTree = "<group>";
		};
		9486715518A09685002165CF /* MBProgressHUD */ = {
			isa = PBXGroup;
			children = (
				9486715618A09685002165CF /* MBProgressHUD.h */,
				9486715718A09685002165CF /* MBProgressHUD.m */,
			);
			name = MBProgressHUD;
			path = MyPrototyper/MBProgressHUD;
			sourceTree = "<group>";
		};
		9486715918A09B82002165CF /* Resource */ = {
			isa = PBXGroup;
			children = (
				943F6B9A18AD1AA800253DF1 /* sound */,
				943A0C1018AC7AD5004AF08E /* example */,
				94CD406018A69FF8000E93AA /* welcome.png */,
				94CD406118A69FF8000E93AA /* welcome@2x.png */,
				9486717118A33CC1002165CF /* unzip.png */,
				9486717218A33CC1002165CF /* unzip@2x.png */,
				9486716D18A29DA4002165CF /* supports.png */,
				9486716E18A29DA4002165CF /* supports@2x.png */,
				9486716618A103AC002165CF /* itunesconnect.png */,
				9486716718A103AC002165CF /* itunesconnect@2x.png */,
				9486716218A0F3BF002165CF /* shakephone.png */,
				9486716318A0F3BF002165CF /* shakephone@2x.png */,
				9486715C18A0B345002165CF /* help.png */,
				9486715D18A0B345002165CF /* help@2x.png */,
				9486715A18A09B82002165CF /* SVProgressHUD.bundle */,
				94149BCB18AF526C005182A0 /* Localizable.strings */,
			);
			name = Resource;
			path = MyPrototyper/Resource;
			sourceTree = "<group>";
		};
		94ABB18E187C2ACE004F19F9 /* ZipArchive */ = {
			isa = PBXGroup;
			children = (
				94ABB18F187C2ACE004F19F9 /* minizip */,
				94ABB1A0187C2ACE004F19F9 /* ZipArchive.h */,
				94ABB1A1187C2ACE004F19F9 /* ZipArchive.m */,
			);
			name = ZipArchive;
			path = MyPrototyper/ZipArchive;
			sourceTree = SOURCE_ROOT;
		};
		94ABB18F187C2ACE004F19F9 /* minizip */ = {
			isa = PBXGroup;
			children = (
				94ABB190187C2ACE004F19F9 /* ChangeLogUnzip */,
				94ABB191187C2ACE004F19F9 /* crypt.h */,
				94ABB192187C2ACE004F19F9 /* ioapi.c */,
				94ABB193187C2ACE004F19F9 /* ioapi.h */,
				94ABB194187C2ACE004F19F9 /* make_vms.com */,
				94ABB195187C2ACE004F19F9 /* Makefile */,
				94ABB198187C2ACE004F19F9 /* MiniZip64_Changes.txt */,
				94ABB199187C2ACE004F19F9 /* MiniZip64_info.txt */,
				94ABB19A187C2ACE004F19F9 /* mztools.c */,
				94ABB19B187C2ACE004F19F9 /* mztools.h */,
				94ABB19C187C2ACE004F19F9 /* unzip.c */,
				94ABB19D187C2ACE004F19F9 /* unzip.h */,
				94ABB19E187C2ACE004F19F9 /* zip.c */,
				94ABB19F187C2ACE004F19F9 /* zip.h */,
			);
			path = minizip;
			sourceTree = "<group>";
		};
/* End PBXGroup section */

/* Begin PBXNativeTarget section */
		9483C58D187AEA6B001074DD /* MyPrototyper */ = {
			isa = PBXNativeTarget;
			buildConfigurationList = 9483C5C6187AEA6B001074DD /* Build configuration list for PBXNativeTarget "MyPrototyper" */;
			buildPhases = (
				A999FC3CC1FE4D4DAE1D7E07 /* Check Pods Manifest.lock */,
				9483C58A187AEA6B001074DD /* Sources */,
				9483C58B187AEA6B001074DD /* Frameworks */,
				9483C58C187AEA6B001074DD /* Resources */,
				F1DFF860D2604BD197E2B55A /* Copy Pods Resources */,
			);
			buildRules = (
			);
			dependencies = (
			);
			name = MyPrototyper;
			productName = MyPrototyper;
			productReference = 9483C58E187AEA6B001074DD /* MyPrototyper.app */;
			productType = "com.apple.product-type.application";
		};
		9483C5B4187AEA6B001074DD /* MyPrototyperTests */ = {
			isa = PBXNativeTarget;
			buildConfigurationList = 9483C5C9187AEA6B001074DD /* Build configuration list for PBXNativeTarget "MyPrototyperTests" */;
			buildPhases = (
				9483C5B1187AEA6B001074DD /* Sources */,
				9483C5B2187AEA6B001074DD /* Frameworks */,
				9483C5B3187AEA6B001074DD /* Resources */,
			);
			buildRules = (
			);
			dependencies = (
				9483C5BB187AEA6B001074DD /* PBXTargetDependency */,
			);
			name = MyPrototyperTests;
			productName = MyPrototyperTests;
			productReference = 9483C5B5187AEA6B001074DD /* MyPrototyperTests.xctest */;
			productType = "com.apple.product-type.bundle.unit-test";
		};
/* End PBXNativeTarget section */

/* Begin PBXProject section */
		9483C586187AEA6B001074DD /* Project object */ = {
			isa = PBXProject;
			attributes = {
				CLASSPREFIX = MP;
				LastUpgradeCheck = 0500;
				ORGANIZATIONNAME = me.govo;
				TargetAttributes = {
					9483C58D187AEA6B001074DD = {
						DevelopmentTeam = FN643Q9PBX;
						SystemCapabilities = {
							com.apple.iCloud = {
								enabled = 0;
							};
						};
					};
					9483C5B4187AEA6B001074DD = {
						TestTargetID = 9483C58D187AEA6B001074DD;
					};
				};
			};
			buildConfigurationList = 9483C589187AEA6B001074DD /* Build configuration list for PBXProject "MyPrototyper" */;
			compatibilityVersion = "Xcode 3.2";
			developmentRegion = English;
			hasScannedForEncodings = 0;
			knownRegions = (
				en,
				Base,
				"zh-Hans",
			);
			mainGroup = 9483C585187AEA6B001074DD;
			productRefGroup = 9483C58F187AEA6B001074DD /* Products */;
			projectDirPath = "";
			projectRoot = "";
			targets = (
				9483C58D187AEA6B001074DD /* MyPrototyper */,
				9483C5B4187AEA6B001074DD /* MyPrototyperTests */,
			);
		};
/* End PBXProject section */

/* Begin PBXResourcesBuildPhase section */
		9483C58C187AEA6B001074DD /* Resources */ = {
			isa = PBXResourcesBuildPhase;
			buildActionMask = 2147483647;
			files = (
				94ABB1A2187C2ACE004F19F9 /* ChangeLogUnzip in Resources */,
				9486717418A33CC1002165CF /* unzip@2x.png in Resources */,
				9486716918A103AC002165CF /* itunesconnect@2x.png in Resources */,
				943F6B9818AD0E6800253DF1 /* Default.png in Resources */,
				9486715B18A09B82002165CF /* SVProgressHUD.bundle in Resources */,
				9486717B18A544FC002165CF /* icon-57.png in Resources */,
				9483C5A8187AEA6B001074DD /* Main_iPad.storyboard in Resources */,
				943F6BA018AD1AA800253DF1 /* xiaohuangrenxiasheng_02.mp3 in Resources */,
				9483C5B0187AEA6B001074DD /* Images.xcassets in Resources */,
				94ABB1A8187C2ACE004F19F9 /* MiniZip64_Changes.txt in Resources */,
				94357A4D18B722B80001C0EA /* EmptyView.xib in Resources */,
				9486717C18A544FC002165CF /* icon-60.png in Resources */,
				9486717318A33CC1002165CF /* unzip.png in Resources */,
				943F6BA418AD1D5800253DF1 /* Tock.aiff in Resources */,
				94149BC918AF526C005182A0 /* Localizable.strings in Resources */,
				9486718218A5476E002165CF /* icon-80.png in Resources */,
				9483C5A5187AEA6B001074DD /* Main_iPhone.storyboard in Resources */,
				943F6BA618AD24B400253DF1 /* icon-72.png in Resources */,
				9486717D18A544FC002165CF /* icon-114.png in Resources */,
				9486715E18A0B345002165CF /* help.png in Resources */,
				9486716418A0F3BF002165CF /* shakephone.png in Resources */,
				94CD406218A69FF8000E93AA /* welcome.png in Resources */,
				943F6B9718AD0E6800253DF1 /* Default-568h@2x.png in Resources */,
				9486718418A547EF002165CF /* icon-29.png in Resources */,
				9486716818A103AC002165CF /* itunesconnect.png in Resources */,
				9486717018A29DA4002165CF /* supports@2x.png in Resources */,
				94CD406318A69FF8000E93AA /* welcome@2x.png in Resources */,
				94ABB1A9187C2ACE004F19F9 /* MiniZip64_info.txt in Resources */,
				9486718118A5476E002165CF /* icon-58.png in Resources */,
				94149BD818AFCCCE005182A0 /* iRate.bundle in Resources */,
				94ABB1A4187C2ACE004F19F9 /* make_vms.com in Resources */,
				9486717E18A544FC002165CF /* icon-120.png in Resources */,
				943F6B9918AD0E6800253DF1 /* Default@2x.png in Resources */,
				9483C59C187AEA6B001074DD /* InfoPlist.strings in Resources */,
				9486715F18A0B345002165CF /* help@2x.png in Resources */,
				943A0C1218AC7AD5004AF08E /* Prototyper Example.zip in Resources */,
				9486716518A0F3BF002165CF /* shakephone@2x.png in Resources */,
				9486716F18A29DA4002165CF /* supports.png in Resources */,
			);
			runOnlyForDeploymentPostprocessing = 0;
		};
		9483C5B3187AEA6B001074DD /* Resources */ = {
			isa = PBXResourcesBuildPhase;
			buildActionMask = 2147483647;
			files = (
				9483C5C1187AEA6B001074DD /* InfoPlist.strings in Resources */,
			);
			runOnlyForDeploymentPostprocessing = 0;
		};
/* End PBXResourcesBuildPhase section */

/* Begin PBXShellScriptBuildPhase section */
		A999FC3CC1FE4D4DAE1D7E07 /* Check Pods Manifest.lock */ = {
			isa = PBXShellScriptBuildPhase;
			buildActionMask = 2147483647;
			files = (
			);
			inputPaths = (
			);
			name = "Check Pods Manifest.lock";
			outputPaths = (
			);
			runOnlyForDeploymentPostprocessing = 0;
			shellPath = /bin/sh;
			shellScript = "diff \"${PODS_ROOT}/../Podfile.lock\" \"${PODS_ROOT}/Manifest.lock\" > /dev/null\nif [[ $? != 0 ]] ; then\n    cat << EOM\nerror: The sandbox is not in sync with the Podfile.lock. Run 'pod install' or update your CocoaPods installation.\nEOM\n    exit 1\nfi\n";
			showEnvVarsInLog = 0;
		};
		F1DFF860D2604BD197E2B55A /* Copy Pods Resources */ = {
			isa = PBXShellScriptBuildPhase;
			buildActionMask = 2147483647;
			files = (
			);
			inputPaths = (
			);
			name = "Copy Pods Resources";
			outputPaths = (
			);
			runOnlyForDeploymentPostprocessing = 0;
			shellPath = /bin/sh;
			shellScript = "\"${SRCROOT}/Pods/Pods-resources.sh\"\n";
			showEnvVarsInLog = 0;
		};
/* End PBXShellScriptBuildPhase section */

/* Begin PBXSourcesBuildPhase section */
		9483C58A187AEA6B001074DD /* Sources */ = {
			isa = PBXSourcesBuildPhase;
			buildActionMask = 2147483647;
			files = (
				9486711C189E856E002165CF /* MPTabBarController.m in Sources */,
				94ABB1AB187C2ACE004F19F9 /* unzip.c in Sources */,
				9486715818A09685002165CF /* MBProgressHUD.m in Sources */,
				94ABB1A3187C2ACE004F19F9 /* ioapi.c in Sources */,
				94ABB1C0187DB2C7004F19F9 /* MPSettingUtils.m in Sources */,
				9483C59E187AEA6B001074DD /* main.m in Sources */,
				9483C5A2187AEA6B001074DD /* MPAppDelegate.m in Sources */,
				9416A34F187AF93C00F8C9EC /* FMDatabase.m in Sources */,
				94ABB1AC187C2ACE004F19F9 /* zip.c in Sources */,
				9416A351187AF93C00F8C9EC /* FMDatabasePool.m in Sources */,
				9480D51418C6067E00B67B2E /* MPKeyChain.m in Sources */,
				9416A352187AF93C00F8C9EC /* FMDatabaseQueue.m in Sources */,
				94F5FD4C188A7ED400A33409 /* MPLandespaceSettingViewController.m in Sources */,
				94149BD118AF8DC2005182A0 /* MPSimpleWebViewController.m in Sources */,
				9480D52018C630A500B67B2E /* MPAVObject.m in Sources */,
				94ABB1B8187D61EC004F19F9 /* MPWebViewController.m in Sources */,
				94ABB1AA187C2ACE004F19F9 /* mztools.c in Sources */,
				9416A354187AF93C00F8C9EC /* FMResultSet.m in Sources */,
				9416A342187AF90000F8C9EC /* MPStorage.m in Sources */,
				94149BD918AFCCCE005182A0 /* iRate.m in Sources */,
				9486711F18A083AF002165CF /* MPNavigationController.m in Sources */,
				9416A359187B005900F8C9EC /* MPProject.m in Sources */,
				9483C5CE187AED20001074DD /* MPMainViewController.m in Sources */,
				94ABB1BD187DA6E4004F19F9 /* MPSettingViewController.m in Sources */,
				94ABB1AD187C2ACE004F19F9 /* ZipArchive.m in Sources */,
				94ABB1A5187C2ACE004F19F9 /* Makefile in Sources */,
				9486716C18A164BA002165CF /* MPHelpViewController.m in Sources */,
				9480D51B18C62C3900B67B2E /* MPDevice.m in Sources */,
				9416A350187AF93C00F8C9EC /* FMDatabaseAdditions.m in Sources */,
			);
			runOnlyForDeploymentPostprocessing = 0;
		};
		9483C5B1187AEA6B001074DD /* Sources */ = {
			isa = PBXSourcesBuildPhase;
			buildActionMask = 2147483647;
			files = (
				9483C5C3187AEA6B001074DD /* MyPrototyperTests.m in Sources */,
			);
			runOnlyForDeploymentPostprocessing = 0;
		};
/* End PBXSourcesBuildPhase section */

/* Begin PBXTargetDependency section */
		9483C5BB187AEA6B001074DD /* PBXTargetDependency */ = {
			isa = PBXTargetDependency;
			target = 9483C58D187AEA6B001074DD /* MyPrototyper */;
			targetProxy = 9483C5BA187AEA6B001074DD /* PBXContainerItemProxy */;
		};
/* End PBXTargetDependency section */

/* Begin PBXVariantGroup section */
		94149BCB18AF526C005182A0 /* Localizable.strings */ = {
			isa = PBXVariantGroup;
			children = (
				94149BCC18AF5273005182A0 /* zh-Hans */,
				94149BCE18AF75E8005182A0 /* en */,
			);
			name = Localizable.strings;
			sourceTree = "<group>";
		};
		94357A4F18B722B80001C0EA /* EmptyView.xib */ = {
			isa = PBXVariantGroup;
			children = (
				94357A4E18B722B80001C0EA /* Base */,
				948D4E8118B722F700645CC5 /* zh-Hans */,
			);
			name = EmptyView.xib;
			sourceTree = "<group>";
		};
		9483C59A187AEA6B001074DD /* InfoPlist.strings */ = {
			isa = PBXVariantGroup;
			children = (
				9483C59B187AEA6B001074DD /* en */,
				94149BAF18AE8A44005182A0 /* zh-Hans */,
			);
			name = InfoPlist.strings;
			sourceTree = "<group>";
		};
		9483C5A3187AEA6B001074DD /* Main_iPhone.storyboard */ = {
			isa = PBXVariantGroup;
			children = (
				9483C5A4187AEA6B001074DD /* Base */,
				94149BAD18AE8A44005182A0 /* zh-Hans */,
			);
			name = Main_iPhone.storyboard;
			sourceTree = "<group>";
		};
		9483C5A6187AEA6B001074DD /* Main_iPad.storyboard */ = {
			isa = PBXVariantGroup;
			children = (
				9483C5A7187AEA6B001074DD /* Base */,
				94149BAE18AE8A44005182A0 /* zh-Hans */,
			);
			name = Main_iPad.storyboard;
			sourceTree = "<group>";
		};
		9483C5BF187AEA6B001074DD /* InfoPlist.strings */ = {
			isa = PBXVariantGroup;
			children = (
				9483C5C0187AEA6B001074DD /* en */,
				94149BB018AE8A44005182A0 /* zh-Hans */,
			);
			name = InfoPlist.strings;
			sourceTree = "<group>";
		};
/* End PBXVariantGroup section */

/* Begin XCBuildConfiguration section */
		9483C5C4187AEA6B001074DD /* Debug */ = {
			isa = XCBuildConfiguration;
			buildSettings = {
				ALWAYS_SEARCH_USER_PATHS = NO;
				ARCHS = "$(ARCHS_STANDARD)";
				CLANG_CXX_LANGUAGE_STANDARD = "gnu++0x";
				CLANG_CXX_LIBRARY = "libc++";
				CLANG_ENABLE_MODULES = YES;
				CLANG_ENABLE_OBJC_ARC = YES;
				CLANG_WARN_BOOL_CONVERSION = YES;
				CLANG_WARN_CONSTANT_CONVERSION = YES;
				CLANG_WARN_DIRECT_OBJC_ISA_USAGE = YES_ERROR;
				CLANG_WARN_EMPTY_BODY = YES;
				CLANG_WARN_ENUM_CONVERSION = YES;
				CLANG_WARN_INT_CONVERSION = YES;
				CLANG_WARN_OBJC_ROOT_CLASS = YES_ERROR;
				CLANG_WARN__DUPLICATE_METHOD_MATCH = YES;
				"CODE_SIGN_IDENTITY[sdk=iphoneos*]" = "iPhone Developer";
				COPY_PHASE_STRIP = NO;
				GCC_C_LANGUAGE_STANDARD = gnu99;
				GCC_DYNAMIC_NO_PIC = NO;
				GCC_OPTIMIZATION_LEVEL = 0;
				GCC_PREPROCESSOR_DEFINITIONS = (
					"DEBUG=1",
					"$(inherited)",
				);
				GCC_SYMBOLS_PRIVATE_EXTERN = NO;
				GCC_WARN_64_TO_32_BIT_CONVERSION = YES;
				GCC_WARN_ABOUT_RETURN_TYPE = YES_ERROR;
				GCC_WARN_UNDECLARED_SELECTOR = YES;
				GCC_WARN_UNINITIALIZED_AUTOS = YES;
				GCC_WARN_UNUSED_FUNCTION = YES;
				GCC_WARN_UNUSED_VARIABLE = YES;
				IPHONEOS_DEPLOYMENT_TARGET = 6.0;
				ONLY_ACTIVE_ARCH = YES;
				"OTHER_LDFLAGS[arch=*]" = "-lz";
				SDKROOT = iphoneos;
				TARGETED_DEVICE_FAMILY = "1,2";
			};
			name = Debug;
		};
		9483C5C5187AEA6B001074DD /* Release */ = {
			isa = XCBuildConfiguration;
			buildSettings = {
				ALWAYS_SEARCH_USER_PATHS = NO;
				ARCHS = "$(ARCHS_STANDARD)";
				CLANG_CXX_LANGUAGE_STANDARD = "gnu++0x";
				CLANG_CXX_LIBRARY = "libc++";
				CLANG_ENABLE_MODULES = YES;
				CLANG_ENABLE_OBJC_ARC = YES;
				CLANG_WARN_BOOL_CONVERSION = YES;
				CLANG_WARN_CONSTANT_CONVERSION = YES;
				CLANG_WARN_DIRECT_OBJC_ISA_USAGE = YES_ERROR;
				CLANG_WARN_EMPTY_BODY = YES;
				CLANG_WARN_ENUM_CONVERSION = YES;
				CLANG_WARN_INT_CONVERSION = YES;
				CLANG_WARN_OBJC_ROOT_CLASS = YES_ERROR;
				CLANG_WARN__DUPLICATE_METHOD_MATCH = YES;
				"CODE_SIGN_IDENTITY[sdk=iphoneos*]" = "iPhone Developer";
				COPY_PHASE_STRIP = YES;
				ENABLE_NS_ASSERTIONS = NO;
				GCC_C_LANGUAGE_STANDARD = gnu99;
				GCC_WARN_64_TO_32_BIT_CONVERSION = YES;
				GCC_WARN_ABOUT_RETURN_TYPE = YES_ERROR;
				GCC_WARN_UNDECLARED_SELECTOR = YES;
				GCC_WARN_UNINITIALIZED_AUTOS = YES;
				GCC_WARN_UNUSED_FUNCTION = YES;
				GCC_WARN_UNUSED_VARIABLE = YES;
				IPHONEOS_DEPLOYMENT_TARGET = 6.0;
				"OTHER_LDFLAGS[arch=*]" = "-lz";
				SDKROOT = iphoneos;
				TARGETED_DEVICE_FAMILY = "1,2";
				VALIDATE_PRODUCT = YES;
			};
			name = Release;
		};
		9483C5C7187AEA6B001074DD /* Debug */ = {
			isa = XCBuildConfiguration;
			baseConfigurationReference = 290B1BF725634156952384E5 /* Pods.xcconfig */;
			buildSettings = {
				CODE_SIGN_IDENTITY = "iPhone Developer: liang jiekang (22HDUG74E7)";
				GCC_PRECOMPILE_PREFIX_HEADER = YES;
				GCC_PREFIX_HEADER = "MyPrototyper/MyPrototyper-Prefix.pch";
				INFOPLIST_FILE = "MyPrototyper/MyPrototyper-Info.plist";
				PRODUCT_NAME = "$(TARGET_NAME)";
				TARGETED_DEVICE_FAMILY = 1;
				WRAPPER_EXTENSION = app;
			};
			name = Debug;
		};
		9483C5C8187AEA6B001074DD /* Release */ = {
			isa = XCBuildConfiguration;
			baseConfigurationReference = 290B1BF725634156952384E5 /* Pods.xcconfig */;
			buildSettings = {
				CODE_SIGN_IDENTITY = "iPhone Developer: liang jiekang (22HDUG74E7)";
				GCC_PRECOMPILE_PREFIX_HEADER = YES;
				GCC_PREFIX_HEADER = "MyPrototyper/MyPrototyper-Prefix.pch";
				INFOPLIST_FILE = "MyPrototyper/MyPrototyper-Info.plist";
				PRODUCT_NAME = "$(TARGET_NAME)";
				TARGETED_DEVICE_FAMILY = 1;
				WRAPPER_EXTENSION = app;
			};
			name = Release;
		};
		9483C5CA187AEA6B001074DD /* Debug */ = {
			isa = XCBuildConfiguration;
			buildSettings = {
				ARCHS = "$(ARCHS_STANDARD)";
				BUNDLE_LOADER = "$(BUILT_PRODUCTS_DIR)/MyPrototyper.app/MyPrototyper";
				FRAMEWORK_SEARCH_PATHS = (
					"$(SDKROOT)/Developer/Library/Frameworks",
					"$(inherited)",
					"$(DEVELOPER_FRAMEWORKS_DIR)",
				);
				GCC_PRECOMPILE_PREFIX_HEADER = YES;
				GCC_PREFIX_HEADER = "MyPrototyper/MyPrototyper-Prefix.pch";
				GCC_PREPROCESSOR_DEFINITIONS = (
					"DEBUG=1",
					"$(inherited)",
				);
				INFOPLIST_FILE = "MyPrototyperTests/MyPrototyperTests-Info.plist";
				PRODUCT_NAME = "$(TARGET_NAME)";
				TEST_HOST = "$(BUNDLE_LOADER)";
				WRAPPER_EXTENSION = xctest;
			};
			name = Debug;
		};
		9483C5CB187AEA6B001074DD /* Release */ = {
			isa = XCBuildConfiguration;
			buildSettings = {
				ARCHS = "$(ARCHS_STANDARD)";
				BUNDLE_LOADER = "$(BUILT_PRODUCTS_DIR)/MyPrototyper.app/MyPrototyper";
				FRAMEWORK_SEARCH_PATHS = (
					"$(SDKROOT)/Developer/Library/Frameworks",
					"$(inherited)",
					"$(DEVELOPER_FRAMEWORKS_DIR)",
				);
				GCC_PRECOMPILE_PREFIX_HEADER = YES;
				GCC_PREFIX_HEADER = "MyPrototyper/MyPrototyper-Prefix.pch";
				INFOPLIST_FILE = "MyPrototyperTests/MyPrototyperTests-Info.plist";
				PRODUCT_NAME = "$(TARGET_NAME)";
				TEST_HOST = "$(BUNDLE_LOADER)";
				WRAPPER_EXTENSION = xctest;
			};
			name = Release;
		};
/* End XCBuildConfiguration section */

/* Begin XCConfigurationList section */
		9483C589187AEA6B001074DD /* Build configuration list for PBXProject "MyPrototyper" */ = {
			isa = XCConfigurationList;
			buildConfigurations = (
				9483C5C4187AEA6B001074DD /* Debug */,
				9483C5C5187AEA6B001074DD /* Release */,
			);
			defaultConfigurationIsVisible = 0;
			defaultConfigurationName = Release;
		};
		9483C5C6187AEA6B001074DD /* Build configuration list for PBXNativeTarget "MyPrototyper" */ = {
			isa = XCConfigurationList;
			buildConfigurations = (
				9483C5C7187AEA6B001074DD /* Debug */,
				9483C5C8187AEA6B001074DD /* Release */,
			);
			defaultConfigurationIsVisible = 0;
			defaultConfigurationName = Release;
		};
		9483C5C9187AEA6B001074DD /* Build configuration list for PBXNativeTarget "MyPrototyperTests" */ = {
			isa = XCConfigurationList;
			buildConfigurations = (
				9483C5CA187AEA6B001074DD /* Debug */,
				9483C5CB187AEA6B001074DD /* Release */,
			);
			defaultConfigurationIsVisible = 0;
			defaultConfigurationName = Release;
		};
/* End XCConfigurationList section */
	};
	rootObject = 9483C586187AEA6B001074DD /* Project object */;
}
